// !$*UTF8*$!
{
	archiveVersion = 1;
	classes = {
	};
	objectVersion = 50;
	objects = {

/* Begin PBXBuildFile section */
		50B21EC323F440E50062A2D5 /* AppDelegate.swift in Sources */ = {isa = PBXBuildFile; fileRef = 50B21EC223F440E50062A2D5 /* AppDelegate.swift */; };
		50B21EC523F440E50062A2D5 /* SceneDelegate.swift in Sources */ = {isa = PBXBuildFile; fileRef = 50B21EC423F440E50062A2D5 /* SceneDelegate.swift */; };
		50B21EC723F440E50062A2D5 /* ViewController.swift in Sources */ = {isa = PBXBuildFile; fileRef = 50B21EC623F440E50062A2D5 /* ViewController.swift */; };
		50B21ECA23F440E50062A2D5 /* Main.storyboard in Resources */ = {isa = PBXBuildFile; fileRef = 50B21EC823F440E50062A2D5 /* Main.storyboard */; };
		50B21ECC23F440E60062A2D5 /* Assets.xcassets in Resources */ = {isa = PBXBuildFile; fileRef = 50B21ECB23F440E60062A2D5 /* Assets.xcassets */; };
		50B21ECF23F440E60062A2D5 /* LaunchScreen.storyboard in Resources */ = {isa = PBXBuildFile; fileRef = 50B21ECD23F440E60062A2D5 /* LaunchScreen.storyboard */; };
		50B21EDA23F440E60062A2D5 /* WeatherForecastTests.swift in Sources */ = {isa = PBXBuildFile; fileRef = 50B21ED923F440E60062A2D5 /* WeatherForecastTests.swift */; };
		50B21EE523F440E60062A2D5 /* WeatherForecastUITests.swift in Sources */ = {isa = PBXBuildFile; fileRef = 50B21EE423F440E60062A2D5 /* WeatherForecastUITests.swift */; };
/* End PBXBuildFile section */

/* Begin PBXContainerItemProxy section */
		50B21ED623F440E60062A2D5 /* PBXContainerItemProxy */ = {
			isa = PBXContainerItemProxy;
			containerPortal = 50B21EB723F440E40062A2D5 /* Project object */;
			proxyType = 1;
			remoteGlobalIDString = 50B21EBE23F440E50062A2D5;
			remoteInfo = WeatherForecast;
		};
		50B21EE123F440E60062A2D5 /* PBXContainerItemProxy */ = {
			isa = PBXContainerItemProxy;
			containerPortal = 50B21EB723F440E40062A2D5 /* Project object */;
			proxyType = 1;
			remoteGlobalIDString = 50B21EBE23F440E50062A2D5;
			remoteInfo = WeatherForecast;
		};
/* End PBXContainerItemProxy section */

/* Begin PBXFileReference section */
		50B21EBF23F440E50062A2D5 /* WeatherForecast.app */ = {isa = PBXFileReference; explicitFileType = wrapper.application; includeInIndex = 0; path = WeatherForecast.app; sourceTree = BUILT_PRODUCTS_DIR; };
		50B21EC223F440E50062A2D5 /* AppDelegate.swift */ = {isa = PBXFileReference; lastKnownFileType = sourcecode.swift; path = AppDelegate.swift; sourceTree = "<group>"; };
		50B21EC423F440E50062A2D5 /* SceneDelegate.swift */ = {isa = PBXFileReference; lastKnownFileType = sourcecode.swift; path = SceneDelegate.swift; sourceTree = "<group>"; };
		50B21EC623F440E50062A2D5 /* ViewController.swift */ = {isa = PBXFileReference; lastKnownFileType = sourcecode.swift; path = ViewController.swift; sourceTree = "<group>"; };
		50B21EC923F440E50062A2D5 /* Base */ = {isa = PBXFileReference; lastKnownFileType = file.storyboard; name = Base; path = Base.lproj/Main.storyboard; sourceTree = "<group>"; };
		50B21ECB23F440E60062A2D5 /* Assets.xcassets */ = {isa = PBXFileReference; lastKnownFileType = folder.assetcatalog; path = Assets.xcassets; sourceTree = "<group>"; };
		50B21ECE23F440E60062A2D5 /* Base */ = {isa = PBXFileReference; lastKnownFileType = file.storyboard; name = Base; path = Base.lproj/LaunchScreen.storyboard; sourceTree = "<group>"; };
		50B21ED023F440E60062A2D5 /* Info.plist */ = {isa = PBXFileReference; lastKnownFileType = text.plist.xml; path = Info.plist; sourceTree = "<group>"; };
		50B21ED523F440E60062A2D5 /* WeatherForecastTests.xctest */ = {isa = PBXFileReference; explicitFileType = wrapper.cfbundle; includeInIndex = 0; path = WeatherForecastTests.xctest; sourceTree = BUILT_PRODUCTS_DIR; };
		50B21ED923F440E60062A2D5 /* WeatherForecastTests.swift */ = {isa = PBXFileReference; lastKnownFileType = sourcecode.swift; path = WeatherForecastTests.swift; sourceTree = "<group>"; };
		50B21EDB23F440E60062A2D5 /* Info.plist */ = {isa = PBXFileReference; lastKnownFileType = text.plist.xml; path = Info.plist; sourceTree = "<group>"; };
		50B21EE023F440E60062A2D5 /* WeatherForecastUITests.xctest */ = {isa = PBXFileReference; explicitFileType = wrapper.cfbundle; includeInIndex = 0; path = WeatherForecastUITests.xctest; sourceTree = BUILT_PRODUCTS_DIR; };
		50B21EE423F440E60062A2D5 /* WeatherForecastUITests.swift */ = {isa = PBXFileReference; lastKnownFileType = sourcecode.swift; path = WeatherForecastUITests.swift; sourceTree = "<group>"; };
		50B21EE623F440E60062A2D5 /* Info.plist */ = {isa = PBXFileReference; lastKnownFileType = text.plist.xml; path = Info.plist; sourceTree = "<group>"; };
/* End PBXFileReference section */

/* Begin PBXFrameworksBuildPhase section */
		50B21EBC23F440E50062A2D5 /* Frameworks */ = {
			isa = PBXFrameworksBuildPhase;
			buildActionMask = 2147483647;
			files = (
			);
			runOnlyForDeploymentPostprocessing = 0;
		};
		50B21ED223F440E60062A2D5 /* Frameworks */ = {
			isa = PBXFrameworksBuildPhase;
			buildActionMask = 2147483647;
			files = (
			);
			runOnlyForDeploymentPostprocessing = 0;
		};
		50B21EDD23F440E60062A2D5 /* Frameworks */ = {
			isa = PBXFrameworksBuildPhase;
			buildActionMask = 2147483647;
			files = (
			);
			runOnlyForDeploymentPostprocessing = 0;
		};
/* End PBXFrameworksBuildPhase section */

/* Begin PBXGroup section */
		50B21EB623F440E40062A2D5 = {
			isa = PBXGroup;
			children = (
				50B21EC123F440E50062A2D5 /* WeatherForecast */,
				50B21ED823F440E60062A2D5 /* WeatherForecastTests */,
				50B21EE323F440E60062A2D5 /* WeatherForecastUITests */,
				50B21EC023F440E50062A2D5 /* Products */,
			);
			sourceTree = "<group>";
		};
		50B21EC023F440E50062A2D5 /* Products */ = {
			isa = PBXGroup;
			children = (
				50B21EBF23F440E50062A2D5 /* WeatherForecast.app */,
				50B21ED523F440E60062A2D5 /* WeatherForecastTests.xctest */,
				50B21EE023F440E60062A2D5 /* WeatherForecastUITests.xctest */,
			);
			name = Products;
			sourceTree = "<group>";
		};
		50B21EC123F440E50062A2D5 /* WeatherForecast */ = {
			isa = PBXGroup;
			children = (
				50B21EC223F440E50062A2D5 /* AppDelegate.swift */,
				50B21EC423F440E50062A2D5 /* SceneDelegate.swift */,
				50B21EC623F440E50062A2D5 /* ViewController.swift */,
				50B21EC823F440E50062A2D5 /* Main.storyboard */,
				50B21ECB23F440E60062A2D5 /* Assets.xcassets */,
				50B21ECD23F440E60062A2D5 /* LaunchScreen.storyboard */,
				50B21ED023F440E60062A2D5 /* Info.plist */,
			);
			path = WeatherForecast;
			sourceTree = "<group>";
		};
		50B21ED823F440E60062A2D5 /* WeatherForecastTests */ = {
			isa = PBXGroup;
			children = (
				50B21ED923F440E60062A2D5 /* WeatherForecastTests.swift */,
				50B21EDB23F440E60062A2D5 /* Info.plist */,
			);
			path = WeatherForecastTests;
			sourceTree = "<group>";
		};
		50B21EE323F440E60062A2D5 /* WeatherForecastUITests */ = {
			isa = PBXGroup;
			children = (
				50B21EE423F440E60062A2D5 /* WeatherForecastUITests.swift */,
				50B21EE623F440E60062A2D5 /* Info.plist */,
			);
			path = WeatherForecastUITests;
			sourceTree = "<group>";
		};
/* End PBXGroup section */

/* Begin PBXNativeTarget section */
		50B21EBE23F440E50062A2D5 /* WeatherForecast */ = {
			isa = PBXNativeTarget;
			buildConfigurationList = 50B21EE923F440E60062A2D5 /* Build configuration list for PBXNativeTarget "WeatherForecast" */;
			buildPhases = (
				50B21EBB23F440E50062A2D5 /* Sources */,
				50B21EBC23F440E50062A2D5 /* Frameworks */,
				50B21EBD23F440E50062A2D5 /* Resources */,
			);
			buildRules = (
			);
			dependencies = (
			);
			name = WeatherForecast;
			productName = WeatherForecast;
			productReference = 50B21EBF23F440E50062A2D5 /* WeatherForecast.app */;
			productType = "com.apple.product-type.application";
		};
		50B21ED423F440E60062A2D5 /* WeatherForecastTests */ = {
			isa = PBXNativeTarget;
			buildConfigurationList = 50B21EEC23F440E60062A2D5 /* Build configuration list for PBXNativeTarget "WeatherForecastTests" */;
			buildPhases = (
				50B21ED123F440E60062A2D5 /* Sources */,
				50B21ED223F440E60062A2D5 /* Frameworks */,
				50B21ED323F440E60062A2D5 /* Resources */,
			);
			buildRules = (
			);
			dependencies = (
				50B21ED723F440E60062A2D5 /* PBXTargetDependency */,
			);
			name = WeatherForecastTests;
			productName = WeatherForecastTests;
			productReference = 50B21ED523F440E60062A2D5 /* WeatherForecastTests.xctest */;
			productType = "com.apple.product-type.bundle.unit-test";
		};
		50B21EDF23F440E60062A2D5 /* WeatherForecastUITests */ = {
			isa = PBXNativeTarget;
			buildConfigurationList = 50B21EEF23F440E60062A2D5 /* Build configuration list for PBXNativeTarget "WeatherForecastUITests" */;
			buildPhases = (
				50B21EDC23F440E60062A2D5 /* Sources */,
				50B21EDD23F440E60062A2D5 /* Frameworks */,
				50B21EDE23F440E60062A2D5 /* Resources */,
			);
			buildRules = (
			);
			dependencies = (
				50B21EE223F440E60062A2D5 /* PBXTargetDependency */,
			);
			name = WeatherForecastUITests;
			productName = WeatherForecastUITests;
			productReference = 50B21EE023F440E60062A2D5 /* WeatherForecastUITests.xctest */;
			productType = "com.apple.product-type.bundle.ui-testing";
		};
/* End PBXNativeTarget section */

/* Begin PBXProject section */
		50B21EB723F440E40062A2D5 /* Project object */ = {
			isa = PBXProject;
			attributes = {
				LastSwiftUpdateCheck = 1130;
				LastUpgradeCheck = 1130;
				ORGANIZATIONNAME = "Moein Barzegaran";
				TargetAttributes = {
					50B21EBE23F440E50062A2D5 = {
						CreatedOnToolsVersion = 11.3;
					};
					50B21ED423F440E60062A2D5 = {
						CreatedOnToolsVersion = 11.3;
						TestTargetID = 50B21EBE23F440E50062A2D5;
					};
					50B21EDF23F440E60062A2D5 = {
						CreatedOnToolsVersion = 11.3;
						TestTargetID = 50B21EBE23F440E50062A2D5;
					};
				};
			};
			buildConfigurationList = 50B21EBA23F440E40062A2D5 /* Build configuration list for PBXProject "WeatherForecast" */;
			compatibilityVersion = "Xcode 9.3";
			developmentRegion = en;
			hasScannedForEncodings = 0;
			knownRegions = (
				en,
				Base,
			);
			mainGroup = 50B21EB623F440E40062A2D5;
			productRefGroup = 50B21EC023F440E50062A2D5 /* Products */;
			projectDirPath = "";
			projectRoot = "";
			targets = (
				50B21EBE23F440E50062A2D5 /* WeatherForecast */,
				50B21ED423F440E60062A2D5 /* WeatherForecastTests */,
				50B21EDF23F440E60062A2D5 /* WeatherForecastUITests */,
			);
		};
/* End PBXProject section */

/* Begin PBXResourcesBuildPhase section */
		50B21EBD23F440E50062A2D5 /* Resources */ = {
			isa = PBXResourcesBuildPhase;
			buildActionMask = 2147483647;
			files = (
				50B21ECF23F440E60062A2D5 /* LaunchScreen.storyboard in Resources */,
				50B21ECC23F440E60062A2D5 /* Assets.xcassets in Resources */,
				50B21ECA23F440E50062A2D5 /* Main.storyboard in Resources */,
			);
			runOnlyForDeploymentPostprocessing = 0;
		};
		50B21ED323F440E60062A2D5 /* Resources */ = {
			isa = PBXResourcesBuildPhase;
			buildActionMask = 2147483647;
			files = (
			);
			runOnlyForDeploymentPostprocessing = 0;
		};
		50B21EDE23F440E60062A2D5 /* Resources */ = {
			isa = PBXResourcesBuildPhase;
			buildActionMask = 2147483647;
			files = (
			);
			runOnlyForDeploymentPostprocessing = 0;
		};
/* End PBXResourcesBuildPhase section */

/* Begin PBXSourcesBuildPhase section */
		50B21EBB23F440E50062A2D5 /* Sources */ = {
			isa = PBXSourcesBuildPhase;
			buildActionMask = 2147483647;
			files = (
				50B21EC723F440E50062A2D5 /* ViewController.swift in Sources */,
				50B21EC323F440E50062A2D5 /* AppDelegate.swift in Sources */,
				50B21EC523F440E50062A2D5 /* SceneDelegate.swift in Sources */,
			);
			runOnlyForDeploymentPostprocessing = 0;
		};
		50B21ED123F440E60062A2D5 /* Sources */ = {
			isa = PBXSourcesBuildPhase;
			buildActionMask = 2147483647;
			files = (
				50B21EDA23F440E60062A2D5 /* WeatherForecastTests.swift in Sources */,
			);
			runOnlyForDeploymentPostprocessing = 0;
		};
		50B21EDC23F440E60062A2D5 /* Sources */ = {
			isa = PBXSourcesBuildPhase;
			buildActionMask = 2147483647;
			files = (
				50B21EE523F440E60062A2D5 /* WeatherForecastUITests.swift in Sources */,
			);
			runOnlyForDeploymentPostprocessing = 0;
		};
/* End PBXSourcesBuildPhase section */

/* Begin PBXTargetDependency section */
		50B21ED723F440E60062A2D5 /* PBXTargetDependency */ = {
			isa = PBXTargetDependency;
			target = 50B21EBE23F440E50062A2D5 /* WeatherForecast */;
			targetProxy = 50B21ED623F440E60062A2D5 /* PBXContainerItemProxy */;
		};
		50B21EE223F440E60062A2D5 /* PBXTargetDependency */ = {
			isa = PBXTargetDependency;
			target = 50B21EBE23F440E50062A2D5 /* WeatherForecast */;
			targetProxy = 50B21EE123F440E60062A2D5 /* PBXContainerItemProxy */;
		};
/* End PBXTargetDependency section */

/* Begin PBXVariantGroup section */
		50B21EC823F440E50062A2D5 /* Main.storyboard */ = {
			isa = PBXVariantGroup;
			children = (
				50B21EC923F440E50062A2D5 /* Base */,
			);
			name = Main.storyboard;
			sourceTree = "<group>";
		};
		50B21ECD23F440E60062A2D5 /* LaunchScreen.storyboard */ = {
			isa = PBXVariantGroup;
			children = (
				50B21ECE23F440E60062A2D5 /* Base */,
			);
			name = LaunchScreen.storyboard;
			sourceTree = "<group>";
		};
/* End PBXVariantGroup section */

/* Begin XCBuildConfiguration section */
		50B21EE723F440E60062A2D5 /* Debug */ = {
			isa = XCBuildConfiguration;
			buildSettings = {
				ALWAYS_SEARCH_USER_PATHS = NO;
				CLANG_ANALYZER_NONNULL = YES;
				CLANG_ANALYZER_NUMBER_OBJECT_CONVERSION = YES_AGGRESSIVE;
				CLANG_CXX_LANGUAGE_STANDARD = "gnu++14";
				CLANG_CXX_LIBRARY = "libc++";
				CLANG_ENABLE_MODULES = YES;
				CLANG_ENABLE_OBJC_ARC = YES;
				CLANG_ENABLE_OBJC_WEAK = YES;
				CLANG_WARN_BLOCK_CAPTURE_AUTORELEASING = YES;
				CLANG_WARN_BOOL_CONVERSION = YES;
				CLANG_WARN_COMMA = YES;
				CLANG_WARN_CONSTANT_CONVERSION = YES;
				CLANG_WARN_DEPRECATED_OBJC_IMPLEMENTATIONS = YES;
				CLANG_WARN_DIRECT_OBJC_ISA_USAGE = YES_ERROR;
				CLANG_WARN_DOCUMENTATION_COMMENTS = YES;
				CLANG_WARN_EMPTY_BODY = YES;
				CLANG_WARN_ENUM_CONVERSION = YES;
				CLANG_WARN_INFINITE_RECURSION = YES;
				CLANG_WARN_INT_CONVERSION = YES;
				CLANG_WARN_NON_LITERAL_NULL_CONVERSION = YES;
				CLANG_WARN_OBJC_IMPLICIT_RETAIN_SELF = YES;
				CLANG_WARN_OBJC_LITERAL_CONVERSION = YES;
				CLANG_WARN_OBJC_ROOT_CLASS = YES_ERROR;
				CLANG_WARN_RANGE_LOOP_ANALYSIS = YES;
				CLANG_WARN_STRICT_PROTOTYPES = YES;
				CLANG_WARN_SUSPICIOUS_MOVE = YES;
				CLANG_WARN_UNGUARDED_AVAILABILITY = YES_AGGRESSIVE;
				CLANG_WARN_UNREACHABLE_CODE = YES;
				CLANG_WARN__DUPLICATE_METHOD_MATCH = YES;
				COPY_PHASE_STRIP = NO;
				DEBUG_INFORMATION_FORMAT = dwarf;
				ENABLE_STRICT_OBJC_MSGSEND = YES;
				ENABLE_TESTABILITY = YES;
				GCC_C_LANGUAGE_STANDARD = gnu11;
				GCC_DYNAMIC_NO_PIC = NO;
				GCC_NO_COMMON_BLOCKS = YES;
				GCC_OPTIMIZATION_LEVEL = 0;
				GCC_PREPROCESSOR_DEFINITIONS = (
					"DEBUG=1",
					"$(inherited)",
				);
				GCC_WARN_64_TO_32_BIT_CONVERSION = YES;
				GCC_WARN_ABOUT_RETURN_TYPE = YES_ERROR;
				GCC_WARN_UNDECLARED_SELECTOR = YES;
				GCC_WARN_UNINITIALIZED_AUTOS = YES_AGGRESSIVE;
				GCC_WARN_UNUSED_FUNCTION = YES;
				GCC_WARN_UNUSED_VARIABLE = YES;
				IPHONEOS_DEPLOYMENT_TARGET = 13.2;
				MTL_ENABLE_DEBUG_INFO = INCLUDE_SOURCE;
				MTL_FAST_MATH = YES;
				ONLY_ACTIVE_ARCH = YES;
				SDKROOT = iphoneos;
				SWIFT_ACTIVE_COMPILATION_CONDITIONS = DEBUG;
				SWIFT_OPTIMIZATION_LEVEL = "-Onone";
			};
			name = Debug;
		};
		50B21EE823F440E60062A2D5 /* Release */ = {
			isa = XCBuildConfiguration;
			buildSettings = {
				ALWAYS_SEARCH_USER_PATHS = NO;
				CLANG_ANALYZER_NONNULL = YES;
				CLANG_ANALYZER_NUMBER_OBJECT_CONVERSION = YES_AGGRESSIVE;
				CLANG_CXX_LANGUAGE_STANDARD = "gnu++14";
				CLANG_CXX_LIBRARY = "libc++";
				CLANG_ENABLE_MODULES = YES;
				CLANG_ENABLE_OBJC_ARC = YES;
				CLANG_ENABLE_OBJC_WEAK = YES;
				CLANG_WARN_BLOCK_CAPTURE_AUTORELEASING = YES;
				CLANG_WARN_BOOL_CONVERSION = YES;
				CLANG_WARN_COMMA = YES;
				CLANG_WARN_CONSTANT_CONVERSION = YES;
				CLANG_WARN_DEPRECATED_OBJC_IMPLEMENTATIONS = YES;
				CLANG_WARN_DIRECT_OBJC_ISA_USAGE = YES_ERROR;
				CLANG_WARN_DOCUMENTATION_COMMENTS = YES;
				CLANG_WARN_EMPTY_BODY = YES;
				CLANG_WARN_ENUM_CONVERSION = YES;
				CLANG_WARN_INFINITE_RECURSION = YES;
				CLANG_WARN_INT_CONVERSION = YES;
				CLANG_WARN_NON_LITERAL_NULL_CONVERSION = YES;
				CLANG_WARN_OBJC_IMPLICIT_RETAIN_SELF = YES;
				CLANG_WARN_OBJC_LITERAL_CONVERSION = YES;
				CLANG_WARN_OBJC_ROOT_CLASS = YES_ERROR;
				CLANG_WARN_RANGE_LOOP_ANALYSIS = YES;
				CLANG_WARN_STRICT_PROTOTYPES = YES;
				CLANG_WARN_SUSPICIOUS_MOVE = YES;
				CLANG_WARN_UNGUARDED_AVAILABILITY = YES_AGGRESSIVE;
				CLANG_WARN_UNREACHABLE_CODE = YES;
				CLANG_WARN__DUPLICATE_METHOD_MATCH = YES;
				COPY_PHASE_STRIP = NO;
				DEBUG_INFORMATION_FORMAT = "dwarf-with-dsym";
				ENABLE_NS_ASSERTIONS = NO;
				ENABLE_STRICT_OBJC_MSGSEND = YES;
				GCC_C_LANGUAGE_STANDARD = gnu11;
				GCC_NO_COMMON_BLOCKS = YES;
				GCC_WARN_64_TO_32_BIT_CONVERSION = YES;
				GCC_WARN_ABOUT_RETURN_TYPE = YES_ERROR;
				GCC_WARN_UNDECLARED_SELECTOR = YES;
				GCC_WARN_UNINITIALIZED_AUTOS = YES_AGGRESSIVE;
				GCC_WARN_UNUSED_FUNCTION = YES;
				GCC_WARN_UNUSED_VARIABLE = YES;
				IPHONEOS_DEPLOYMENT_TARGET = 13.2;
				MTL_ENABLE_DEBUG_INFO = NO;
				MTL_FAST_MATH = YES;
				SDKROOT = iphoneos;
				SWIFT_COMPILATION_MODE = wholemodule;
				SWIFT_OPTIMIZATION_LEVEL = "-O";
				VALIDATE_PRODUCT = YES;
			};
			name = Release;
		};
		50B21EEA23F440E60062A2D5 /* Debug */ = {
			isa = XCBuildConfiguration;
			buildSettings = {
				ASSETCATALOG_COMPILER_APPICON_NAME = AppIcon;
				CODE_SIGN_STYLE = Automatic;
				DEVELOPMENT_TEAM = A8B799U9T8;
				INFOPLIST_FILE = WeatherForecast/Info.plist;
				LD_RUNPATH_SEARCH_PATHS = (
					"$(inherited)",
					"@executable_path/Frameworks",
				);
				PRODUCT_BUNDLE_IDENTIFIER = com.daresay.WeatherForecast;
				PRODUCT_NAME = "$(TARGET_NAME)";
				SWIFT_VERSION = 5.0;
				TARGETED_DEVICE_FAMILY = "1,2";
			};
			name = Debug;
		};
		50B21EEB23F440E60062A2D5 /* Release */ = {
			isa = XCBuildConfiguration;
			buildSettings = {
				ASSETCATALOG_COMPILER_APPICON_NAME = AppIcon;
				CODE_SIGN_STYLE = Automatic;
				DEVELOPMENT_TEAM = A8B799U9T8;
				INFOPLIST_FILE = WeatherForecast/Info.plist;
				LD_RUNPATH_SEARCH_PATHS = (
					"$(inherited)",
					"@executable_path/Frameworks",
				);
				PRODUCT_BUNDLE_IDENTIFIER = com.daresay.WeatherForecast;
				PRODUCT_NAME = "$(TARGET_NAME)";
				SWIFT_VERSION = 5.0;
				TARGETED_DEVICE_FAMILY = "1,2";
			};
			name = Release;
		};
		50B21EED23F440E60062A2D5 /* Debug */ = {
			isa = XCBuildConfiguration;
			buildSettings = {
				ALWAYS_EMBED_SWIFT_STANDARD_LIBRARIES = YES;
				BUNDLE_LOADER = "$(TEST_HOST)";
				CODE_SIGN_STYLE = Automatic;
				DEVELOPMENT_TEAM = A8B799U9T8;
				INFOPLIST_FILE = WeatherForecastTests/Info.plist;
				IPHONEOS_DEPLOYMENT_TARGET = 13.2;
				LD_RUNPATH_SEARCH_PATHS = (
					"$(inherited)",
					"@executable_path/Frameworks",
					"@loader_path/Frameworks",
				);
				PRODUCT_BUNDLE_IDENTIFIER = com.daresay.WeatherForecastTests;
				PRODUCT_NAME = "$(TARGET_NAME)";
				SWIFT_VERSION = 5.0;
				TARGETED_DEVICE_FAMILY = "1,2";
				TEST_HOST = "$(BUILT_PRODUCTS_DIR)/WeatherForecast.app/WeatherForecast";
			};
			name = Debug;
		};
		50B21EEE23F440E60062A2D5 /* Release */ = {
			isa = XCBuildConfiguration;
			buildSettings = {
				ALWAYS_EMBED_SWIFT_STANDARD_LIBRARIES = YES;
				BUNDLE_LOADER = "$(TEST_HOST)";
				CODE_SIGN_STYLE = Automatic;
				DEVELOPMENT_TEAM = A8B799U9T8;
				INFOPLIST_FILE = WeatherForecastTests/Info.plist;
				IPHONEOS_DEPLOYMENT_TARGET = 13.2;
				LD_RUNPATH_SEARCH_PATHS = (
					"$(inherited)",
					"@executable_path/Frameworks",
					"@loader_path/Frameworks",
				);
				PRODUCT_BUNDLE_IDENTIFIER = com.daresay.WeatherForecastTests;
				PRODUCT_NAME = "$(TARGET_NAME)";
				SWIFT_VERSION = 5.0;
				TARGETED_DEVICE_FAMILY = "1,2";
				TEST_HOST = "$(BUILT_PRODUCTS_DIR)/WeatherForecast.app/WeatherForecast";
			};
			name = Release;
		};
		50B21EF023F440E60062A2D5 /* Debug */ = {
			isa = XCBuildConfiguration;
			buildSettings = {
				ALWAYS_EMBED_SWIFT_STANDARD_LIBRARIES = YES;
				CODE_SIGN_STYLE = Automatic;
				DEVELOPMENT_TEAM = A8B799U9T8;
				INFOPLIST_FILE = WeatherForecastUITests/Info.plist;
				LD_RUNPATH_SEARCH_PATHS = (
					"$(inherited)",
					"@executable_path/Frameworks",
					"@loader_path/Frameworks",
				);
				PRODUCT_BUNDLE_IDENTIFIER = com.daresay.WeatherForecastUITests;
				PRODUCT_NAME = "$(TARGET_NAME)";
				SWIFT_VERSION = 5.0;
				TARGETED_DEVICE_FAMILY = "1,2";
				TEST_TARGET_NAME = WeatherForecast;
			};
			name = Debug;
		};
		50B21EF123F440E60062A2D5 /* Release */ = {
			isa = XCBuildConfiguration;
			buildSettings = {
				ALWAYS_EMBED_SWIFT_STANDARD_LIBRARIES = YES;
				CODE_SIGN_STYLE = Automatic;
				DEVELOPMENT_TEAM = A8B799U9T8;
				INFOPLIST_FILE = WeatherForecastUITests/Info.plist;
				LD_RUNPATH_SEARCH_PATHS = (
					"$(inherited)",
					"@executable_path/Frameworks",
					"@loader_path/Frameworks",
				);
				PRODUCT_BUNDLE_IDENTIFIER = com.daresay.WeatherForecastUITests;
				PRODUCT_NAME = "$(TARGET_NAME)";
				SWIFT_VERSION = 5.0;
				TARGETED_DEVICE_FAMILY = "1,2";
				TEST_TARGET_NAME = WeatherForecast;
			};
			name = Release;
		};
/* End XCBuildConfiguration section */

/* Begin XCConfigurationList section */
		50B21EBA23F440E40062A2D5 /* Build configuration list for PBXProject "WeatherForecast" */ = {
			isa = XCConfigurationList;
			buildConfigurations = (
				50B21EE723F440E60062A2D5 /* Debug */,
				50B21EE823F440E60062A2D5 /* Release */,
			);
			defaultConfigurationIsVisible = 0;
			defaultConfigurationName = Release;
		};
		50B21EE923F440E60062A2D5 /* Build configuration list for PBXNativeTarget "WeatherForecast" */ = {
			isa = XCConfigurationList;
			buildConfigurations = (
				50B21EEA23F440E60062A2D5 /* Debug */,
				50B21EEB23F440E60062A2D5 /* Release */,
			);
			defaultConfigurationIsVisible = 0;
			defaultConfigurationName = Release;
		};
		50B21EEC23F440E60062A2D5 /* Build configuration list for PBXNativeTarget "WeatherForecastTests" */ = {
			isa = XCConfigurationList;
			buildConfigurations = (
				50B21EED23F440E60062A2D5 /* Debug */,
				50B21EEE23F440E60062A2D5 /* Release */,
			);
			defaultConfigurationIsVisible = 0;
			defaultConfigurationName = Release;
		};
		50B21EEF23F440E60062A2D5 /* Build configuration list for PBXNativeTarget "WeatherForecastUITests" */ = {
			isa = XCConfigurationList;
			buildConfigurations = (
				50B21EF023F440E60062A2D5 /* Debug */,
				50B21EF123F440E60062A2D5 /* Release */,
			);
			defaultConfigurationIsVisible = 0;
			defaultConfigurationName = Release;
		};
/* End XCConfigurationList section */
	};
	rootObject = 50B21EB723F440E40062A2D5 /* Project object */;
}
