// !$*UTF8*$!
{
	archiveVersion = 1;
	classes = {
	};
	objectVersion = 51;
	objects = {

/* Begin PBXBuildFile section */
		1DD177C65EE63B99FE17AE8A /* Pods_WeatherForecastTests.framework in Frameworks */ = {isa = PBXBuildFile; fileRef = CE7313B1F0A0BDD3FEF0B6F0 /* Pods_WeatherForecastTests.framework */; };
		22C66590BA3CD9B303773ECB /* Pods_WeatherForecast_WeatherForecastUITests.framework in Frameworks */ = {isa = PBXBuildFile; fileRef = 974BE584A6E4284DD585587F /* Pods_WeatherForecast_WeatherForecastUITests.framework */; };
		5063E7172407272100B45C6D /* SceneDelegate.swift in Sources */ = {isa = PBXBuildFile; fileRef = 5063E7162407272100B45C6D /* SceneDelegate.swift */; };
		5063E71C2407285300B45C6D /* HomeViewController.swift in Sources */ = {isa = PBXBuildFile; fileRef = 5063E71B2407285300B45C6D /* HomeViewController.swift */; };
		5063E71E2407285E00B45C6D /* HomeListViewModel.swift in Sources */ = {isa = PBXBuildFile; fileRef = 5063E71D2407285E00B45C6D /* HomeListViewModel.swift */; };
		5063E721240728BB00B45C6D /* CurrentWeatherView.swift in Sources */ = {isa = PBXBuildFile; fileRef = 5063E720240728BB00B45C6D /* CurrentWeatherView.swift */; };
		5063E7272407290800B45C6D /* HourlyWeatherCell.swift in Sources */ = {isa = PBXBuildFile; fileRef = 5063E7252407290800B45C6D /* HourlyWeatherCell.swift */; };
		5063E7282407290800B45C6D /* HourlyWeatherView.swift in Sources */ = {isa = PBXBuildFile; fileRef = 5063E7262407290800B45C6D /* HourlyWeatherView.swift */; };
		5063E72A2407291B00B45C6D /* HourlyViewModel.swift in Sources */ = {isa = PBXBuildFile; fileRef = 5063E7292407291B00B45C6D /* HourlyViewModel.swift */; };
		5063E7312407295900B45C6D /* DailyWeatherCell.swift in Sources */ = {isa = PBXBuildFile; fileRef = 5063E72E2407295900B45C6D /* DailyWeatherCell.swift */; };
		5063E7322407295900B45C6D /* DailyWeatherDetailView.swift in Sources */ = {isa = PBXBuildFile; fileRef = 5063E72F2407295900B45C6D /* DailyWeatherDetailView.swift */; };
		5063E7332407295900B45C6D /* DailyWeatherView.swift in Sources */ = {isa = PBXBuildFile; fileRef = 5063E7302407295900B45C6D /* DailyWeatherView.swift */; };
		5063E7352407296400B45C6D /* DailyViewModel.swift in Sources */ = {isa = PBXBuildFile; fileRef = 5063E7342407296300B45C6D /* DailyViewModel.swift */; };
		5063E738240729AE00B45C6D /* TodayDetailView.swift in Sources */ = {isa = PBXBuildFile; fileRef = 5063E737240729AE00B45C6D /* TodayDetailView.swift */; };
		5063E73C240729EC00B45C6D /* CitySearchViewController.swift in Sources */ = {isa = PBXBuildFile; fileRef = 5063E73A240729EC00B45C6D /* CitySearchViewController.swift */; };
		5063E73D240729EC00B45C6D /* SearchCityCell.swift in Sources */ = {isa = PBXBuildFile; fileRef = 5063E73B240729EC00B45C6D /* SearchCityCell.swift */; };
		5063E74324072A1F00B45C6D /* FavoriteListViewController.swift in Sources */ = {isa = PBXBuildFile; fileRef = 5063E74124072A1F00B45C6D /* FavoriteListViewController.swift */; };
		5063E74424072A1F00B45C6D /* FavoriteCityWeatherCell.swift in Sources */ = {isa = PBXBuildFile; fileRef = 5063E74224072A1F00B45C6D /* FavoriteCityWeatherCell.swift */; };
		5063E74624072A2800B45C6D /* FavoriteViewModel.swift in Sources */ = {isa = PBXBuildFile; fileRef = 5063E74524072A2800B45C6D /* FavoriteViewModel.swift */; };
		5063E74C24072AEB00B45C6D /* FavoriteCity.swift in Sources */ = {isa = PBXBuildFile; fileRef = 5063E74724072AEA00B45C6D /* FavoriteCity.swift */; };
		5063E74D24072AEB00B45C6D /* City.swift in Sources */ = {isa = PBXBuildFile; fileRef = 5063E74824072AEA00B45C6D /* City.swift */; };
		5063E74E24072AEB00B45C6D /* ForecastHourlyModel.swift in Sources */ = {isa = PBXBuildFile; fileRef = 5063E74924072AEA00B45C6D /* ForecastHourlyModel.swift */; };
		5063E74F24072AEB00B45C6D /* CurrentWeatherModel.swift in Sources */ = {isa = PBXBuildFile; fileRef = 5063E74A24072AEB00B45C6D /* CurrentWeatherModel.swift */; };
		5063E75024072AEB00B45C6D /* ForecastDailyModel.swift in Sources */ = {isa = PBXBuildFile; fileRef = 5063E74B24072AEB00B45C6D /* ForecastDailyModel.swift */; };
		5063E75524072B0E00B45C6D /* ServiceLayer.swift in Sources */ = {isa = PBXBuildFile; fileRef = 5063E75124072B0E00B45C6D /* ServiceLayer.swift */; };
		5063E75624072B0E00B45C6D /* Router.swift in Sources */ = {isa = PBXBuildFile; fileRef = 5063E75224072B0E00B45C6D /* Router.swift */; };
		5063E75724072B0E00B45C6D /* MockURLSession.swift in Sources */ = {isa = PBXBuildFile; fileRef = 5063E75324072B0E00B45C6D /* MockURLSession.swift */; };
		5063E75824072B0E00B45C6D /* NetworkLayer.swift in Sources */ = {isa = PBXBuildFile; fileRef = 5063E75424072B0E00B45C6D /* NetworkLayer.swift */; };
		5063E75B24072B3F00B45C6D /* CacheManager.swift in Sources */ = {isa = PBXBuildFile; fileRef = 5063E75A24072B3F00B45C6D /* CacheManager.swift */; };
		5063E76124072B6700B45C6D /* Label.swift in Sources */ = {isa = PBXBuildFile; fileRef = 5063E75D24072B6600B45C6D /* Label.swift */; };
		5063E76224072B6700B45C6D /* View.swift in Sources */ = {isa = PBXBuildFile; fileRef = 5063E75E24072B6600B45C6D /* View.swift */; };
		5063E76324072B6700B45C6D /* Button.swift in Sources */ = {isa = PBXBuildFile; fileRef = 5063E75F24072B6700B45C6D /* Button.swift */; };
		5063E76424072B6700B45C6D /* Image.swift in Sources */ = {isa = PBXBuildFile; fileRef = 5063E76024072B6700B45C6D /* Image.swift */; };
		5063E76724072B8F00B45C6D /* Constants.swift in Sources */ = {isa = PBXBuildFile; fileRef = 5063E76624072B8F00B45C6D /* Constants.swift */; };
		5063E76A24072BC700B45C6D /* Colors.swift in Sources */ = {isa = PBXBuildFile; fileRef = 5063E76924072BC700B45C6D /* Colors.swift */; };
		5063E77224072BD700B45C6D /* UIColor+Extension.swift in Sources */ = {isa = PBXBuildFile; fileRef = 5063E76B24072BD600B45C6D /* UIColor+Extension.swift */; };
		5063E77324072BD700B45C6D /* Image+Extension.swift in Sources */ = {isa = PBXBuildFile; fileRef = 5063E76C24072BD700B45C6D /* Image+Extension.swift */; };
		5063E77424072BD700B45C6D /* UITableView+Extension.swift in Sources */ = {isa = PBXBuildFile; fileRef = 5063E76D24072BD700B45C6D /* UITableView+Extension.swift */; };
		5063E77524072BD700B45C6D /* UINavigationController+Extension.swift in Sources */ = {isa = PBXBuildFile; fileRef = 5063E76E24072BD700B45C6D /* UINavigationController+Extension.swift */; };
		5063E77624072BD700B45C6D /* Weather+Extension.swift in Sources */ = {isa = PBXBuildFile; fileRef = 5063E76F24072BD700B45C6D /* Weather+Extension.swift */; };
		5063E77724072BD700B45C6D /* Double_Extension.swift in Sources */ = {isa = PBXBuildFile; fileRef = 5063E77024072BD700B45C6D /* Double_Extension.swift */; };
		5063E77824072BD700B45C6D /* UIView+Extension.swift in Sources */ = {isa = PBXBuildFile; fileRef = 5063E77124072BD700B45C6D /* UIView+Extension.swift */; };
		5063E77B24072C0400B45C6D /* GradientView.swift in Sources */ = {isa = PBXBuildFile; fileRef = 5063E77924072C0400B45C6D /* GradientView.swift */; };
		5063E77C24072C0400B45C6D /* HorizontalStackView.swift in Sources */ = {isa = PBXBuildFile; fileRef = 5063E77A24072C0400B45C6D /* HorizontalStackView.swift */; };
		5063E78024072C8600B45C6D /* lottieLoading.json in Resources */ = {isa = PBXBuildFile; fileRef = 5063E77D24072C8600B45C6D /* lottieLoading.json */; };
		5063E78124072C8600B45C6D /* cityList.json in Resources */ = {isa = PBXBuildFile; fileRef = 5063E77E24072C8600B45C6D /* cityList.json */; };
		5063E78224072C8600B45C6D /* APIKey.swift in Sources */ = {isa = PBXBuildFile; fileRef = 5063E77F24072C8600B45C6D /* APIKey.swift */; };
		5063E78424072CB200B45C6D /* Color.xcassets in Resources */ = {isa = PBXBuildFile; fileRef = 5063E78324072CB200B45C6D /* Color.xcassets */; };
		50B21EC323F440E50062A2D5 /* AppDelegate.swift in Sources */ = {isa = PBXBuildFile; fileRef = 50B21EC223F440E50062A2D5 /* AppDelegate.swift */; };
		50B21ECC23F440E60062A2D5 /* Assets.xcassets in Resources */ = {isa = PBXBuildFile; fileRef = 50B21ECB23F440E60062A2D5 /* Assets.xcassets */; };
		50B21ECF23F440E60062A2D5 /* LaunchScreen.storyboard in Resources */ = {isa = PBXBuildFile; fileRef = 50B21ECD23F440E60062A2D5 /* LaunchScreen.storyboard */; };
		50B21EDA23F440E60062A2D5 /* WeatherForecastTests.swift in Sources */ = {isa = PBXBuildFile; fileRef = 50B21ED923F440E60062A2D5 /* WeatherForecastTests.swift */; };
		50B21EE523F440E60062A2D5 /* WeatherForecastUITests.swift in Sources */ = {isa = PBXBuildFile; fileRef = 50B21EE423F440E60062A2D5 /* WeatherForecastUITests.swift */; };
		9587135376775870C675C70A /* Pods_WeatherForecast.framework in Frameworks */ = {isa = PBXBuildFile; fileRef = 0CD5C61EE0638152C4B3DAFD /* Pods_WeatherForecast.framework */; };
/* End PBXBuildFile section */

/* Begin PBXContainerItemProxy section */
		50B21ED623F440E60062A2D5 /* PBXContainerItemProxy */ = {
			isa = PBXContainerItemProxy;
			containerPortal = 50B21EB723F440E40062A2D5 /* Project object */;
			proxyType = 1;
			remoteGlobalIDString = 50B21EBE23F440E50062A2D5;
			remoteInfo = WeatherForecast;
		};
		50B21EE123F440E60062A2D5 /* PBXContainerItemProxy */ = {
			isa = PBXContainerItemProxy;
			containerPortal = 50B21EB723F440E40062A2D5 /* Project object */;
			proxyType = 1;
			remoteGlobalIDString = 50B21EBE23F440E50062A2D5;
			remoteInfo = WeatherForecast;
		};
/* End PBXContainerItemProxy section */

/* Begin PBXFileReference section */
		03F2F0B23D9F5C740D61A7F7 /* Pods-WeatherForecastTests.release.xcconfig */ = {isa = PBXFileReference; includeInIndex = 1; lastKnownFileType = text.xcconfig; name = "Pods-WeatherForecastTests.release.xcconfig"; path = "Target Support Files/Pods-WeatherForecastTests/Pods-WeatherForecastTests.release.xcconfig"; sourceTree = "<group>"; };
		0CD5C61EE0638152C4B3DAFD /* Pods_WeatherForecast.framework */ = {isa = PBXFileReference; explicitFileType = wrapper.framework; includeInIndex = 0; path = Pods_WeatherForecast.framework; sourceTree = BUILT_PRODUCTS_DIR; };
		3AD46F42374F3CB9F2894A3D /* Pods-WeatherForecast-WeatherForecastUITests.release.xcconfig */ = {isa = PBXFileReference; includeInIndex = 1; lastKnownFileType = text.xcconfig; name = "Pods-WeatherForecast-WeatherForecastUITests.release.xcconfig"; path = "Target Support Files/Pods-WeatherForecast-WeatherForecastUITests/Pods-WeatherForecast-WeatherForecastUITests.release.xcconfig"; sourceTree = "<group>"; };
		46E3C75BD35060B609B75899 /* Pods-WeatherForecast.release.xcconfig */ = {isa = PBXFileReference; includeInIndex = 1; lastKnownFileType = text.xcconfig; name = "Pods-WeatherForecast.release.xcconfig"; path = "Target Support Files/Pods-WeatherForecast/Pods-WeatherForecast.release.xcconfig"; sourceTree = "<group>"; };
		5063E7162407272100B45C6D /* SceneDelegate.swift */ = {isa = PBXFileReference; fileEncoding = 4; lastKnownFileType = sourcecode.swift; name = SceneDelegate.swift; path = ../../../../TestRepo/testRepo/testRepo/Application/SceneDelegate.swift; sourceTree = "<group>"; };
		5063E71B2407285300B45C6D /* HomeViewController.swift */ = {isa = PBXFileReference; fileEncoding = 4; lastKnownFileType = sourcecode.swift; path = HomeViewController.swift; sourceTree = "<group>"; };
		5063E71D2407285E00B45C6D /* HomeListViewModel.swift */ = {isa = PBXFileReference; fileEncoding = 4; lastKnownFileType = sourcecode.swift; path = HomeListViewModel.swift; sourceTree = "<group>"; };
		5063E720240728BB00B45C6D /* CurrentWeatherView.swift */ = {isa = PBXFileReference; fileEncoding = 4; lastKnownFileType = sourcecode.swift; path = CurrentWeatherView.swift; sourceTree = "<group>"; };
		5063E7252407290800B45C6D /* HourlyWeatherCell.swift */ = {isa = PBXFileReference; fileEncoding = 4; lastKnownFileType = sourcecode.swift; path = HourlyWeatherCell.swift; sourceTree = "<group>"; };
		5063E7262407290800B45C6D /* HourlyWeatherView.swift */ = {isa = PBXFileReference; fileEncoding = 4; lastKnownFileType = sourcecode.swift; path = HourlyWeatherView.swift; sourceTree = "<group>"; };
		5063E7292407291B00B45C6D /* HourlyViewModel.swift */ = {isa = PBXFileReference; fileEncoding = 4; lastKnownFileType = sourcecode.swift; path = HourlyViewModel.swift; sourceTree = "<group>"; };
		5063E72E2407295900B45C6D /* DailyWeatherCell.swift */ = {isa = PBXFileReference; fileEncoding = 4; lastKnownFileType = sourcecode.swift; path = DailyWeatherCell.swift; sourceTree = "<group>"; };
		5063E72F2407295900B45C6D /* DailyWeatherDetailView.swift */ = {isa = PBXFileReference; fileEncoding = 4; lastKnownFileType = sourcecode.swift; path = DailyWeatherDetailView.swift; sourceTree = "<group>"; };
		5063E7302407295900B45C6D /* DailyWeatherView.swift */ = {isa = PBXFileReference; fileEncoding = 4; lastKnownFileType = sourcecode.swift; path = DailyWeatherView.swift; sourceTree = "<group>"; };
		5063E7342407296300B45C6D /* DailyViewModel.swift */ = {isa = PBXFileReference; fileEncoding = 4; lastKnownFileType = sourcecode.swift; path = DailyViewModel.swift; sourceTree = "<group>"; };
		5063E737240729AE00B45C6D /* TodayDetailView.swift */ = {isa = PBXFileReference; fileEncoding = 4; lastKnownFileType = sourcecode.swift; path = TodayDetailView.swift; sourceTree = "<group>"; };
		5063E73A240729EC00B45C6D /* CitySearchViewController.swift */ = {isa = PBXFileReference; fileEncoding = 4; lastKnownFileType = sourcecode.swift; path = CitySearchViewController.swift; sourceTree = "<group>"; };
		5063E73B240729EC00B45C6D /* SearchCityCell.swift */ = {isa = PBXFileReference; fileEncoding = 4; lastKnownFileType = sourcecode.swift; path = SearchCityCell.swift; sourceTree = "<group>"; };
		5063E74124072A1F00B45C6D /* FavoriteListViewController.swift */ = {isa = PBXFileReference; fileEncoding = 4; lastKnownFileType = sourcecode.swift; path = FavoriteListViewController.swift; sourceTree = "<group>"; };
		5063E74224072A1F00B45C6D /* FavoriteCityWeatherCell.swift */ = {isa = PBXFileReference; fileEncoding = 4; lastKnownFileType = sourcecode.swift; path = FavoriteCityWeatherCell.swift; sourceTree = "<group>"; };
		5063E74524072A2800B45C6D /* FavoriteViewModel.swift */ = {isa = PBXFileReference; fileEncoding = 4; lastKnownFileType = sourcecode.swift; path = FavoriteViewModel.swift; sourceTree = "<group>"; };
		5063E74724072AEA00B45C6D /* FavoriteCity.swift */ = {isa = PBXFileReference; fileEncoding = 4; lastKnownFileType = sourcecode.swift; path = FavoriteCity.swift; sourceTree = "<group>"; };
		5063E74824072AEA00B45C6D /* City.swift */ = {isa = PBXFileReference; fileEncoding = 4; lastKnownFileType = sourcecode.swift; path = City.swift; sourceTree = "<group>"; };
		5063E74924072AEA00B45C6D /* ForecastHourlyModel.swift */ = {isa = PBXFileReference; fileEncoding = 4; lastKnownFileType = sourcecode.swift; path = ForecastHourlyModel.swift; sourceTree = "<group>"; };
		5063E74A24072AEB00B45C6D /* CurrentWeatherModel.swift */ = {isa = PBXFileReference; fileEncoding = 4; lastKnownFileType = sourcecode.swift; path = CurrentWeatherModel.swift; sourceTree = "<group>"; };
		5063E74B24072AEB00B45C6D /* ForecastDailyModel.swift */ = {isa = PBXFileReference; fileEncoding = 4; lastKnownFileType = sourcecode.swift; path = ForecastDailyModel.swift; sourceTree = "<group>"; };
		5063E75124072B0E00B45C6D /* ServiceLayer.swift */ = {isa = PBXFileReference; fileEncoding = 4; lastKnownFileType = sourcecode.swift; path = ServiceLayer.swift; sourceTree = "<group>"; };
		5063E75224072B0E00B45C6D /* Router.swift */ = {isa = PBXFileReference; fileEncoding = 4; lastKnownFileType = sourcecode.swift; path = Router.swift; sourceTree = "<group>"; };
		5063E75324072B0E00B45C6D /* MockURLSession.swift */ = {isa = PBXFileReference; fileEncoding = 4; lastKnownFileType = sourcecode.swift; path = MockURLSession.swift; sourceTree = "<group>"; };
		5063E75424072B0E00B45C6D /* NetworkLayer.swift */ = {isa = PBXFileReference; fileEncoding = 4; lastKnownFileType = sourcecode.swift; path = NetworkLayer.swift; sourceTree = "<group>"; };
		5063E75A24072B3F00B45C6D /* CacheManager.swift */ = {isa = PBXFileReference; fileEncoding = 4; lastKnownFileType = sourcecode.swift; path = CacheManager.swift; sourceTree = "<group>"; };
		5063E75D24072B6600B45C6D /* Label.swift */ = {isa = PBXFileReference; fileEncoding = 4; lastKnownFileType = sourcecode.swift; path = Label.swift; sourceTree = "<group>"; };
		5063E75E24072B6600B45C6D /* View.swift */ = {isa = PBXFileReference; fileEncoding = 4; lastKnownFileType = sourcecode.swift; path = View.swift; sourceTree = "<group>"; };
		5063E75F24072B6700B45C6D /* Button.swift */ = {isa = PBXFileReference; fileEncoding = 4; lastKnownFileType = sourcecode.swift; path = Button.swift; sourceTree = "<group>"; };
		5063E76024072B6700B45C6D /* Image.swift */ = {isa = PBXFileReference; fileEncoding = 4; lastKnownFileType = sourcecode.swift; path = Image.swift; sourceTree = "<group>"; };
		5063E76624072B8F00B45C6D /* Constants.swift */ = {isa = PBXFileReference; fileEncoding = 4; lastKnownFileType = sourcecode.swift; path = Constants.swift; sourceTree = "<group>"; };
		5063E76924072BC700B45C6D /* Colors.swift */ = {isa = PBXFileReference; fileEncoding = 4; lastKnownFileType = sourcecode.swift; path = Colors.swift; sourceTree = "<group>"; };
		5063E76B24072BD600B45C6D /* UIColor+Extension.swift */ = {isa = PBXFileReference; fileEncoding = 4; lastKnownFileType = sourcecode.swift; path = "UIColor+Extension.swift"; sourceTree = "<group>"; };
		5063E76C24072BD700B45C6D /* Image+Extension.swift */ = {isa = PBXFileReference; fileEncoding = 4; lastKnownFileType = sourcecode.swift; path = "Image+Extension.swift"; sourceTree = "<group>"; };
		5063E76D24072BD700B45C6D /* UITableView+Extension.swift */ = {isa = PBXFileReference; fileEncoding = 4; lastKnownFileType = sourcecode.swift; path = "UITableView+Extension.swift"; sourceTree = "<group>"; };
		5063E76E24072BD700B45C6D /* UINavigationController+Extension.swift */ = {isa = PBXFileReference; fileEncoding = 4; lastKnownFileType = sourcecode.swift; path = "UINavigationController+Extension.swift"; sourceTree = "<group>"; };
		5063E76F24072BD700B45C6D /* Weather+Extension.swift */ = {isa = PBXFileReference; fileEncoding = 4; lastKnownFileType = sourcecode.swift; path = "Weather+Extension.swift"; sourceTree = "<group>"; };
		5063E77024072BD700B45C6D /* Double_Extension.swift */ = {isa = PBXFileReference; fileEncoding = 4; lastKnownFileType = sourcecode.swift; path = Double_Extension.swift; sourceTree = "<group>"; };
		5063E77124072BD700B45C6D /* UIView+Extension.swift */ = {isa = PBXFileReference; fileEncoding = 4; lastKnownFileType = sourcecode.swift; path = "UIView+Extension.swift"; sourceTree = "<group>"; };
		5063E77924072C0400B45C6D /* GradientView.swift */ = {isa = PBXFileReference; fileEncoding = 4; lastKnownFileType = sourcecode.swift; path = GradientView.swift; sourceTree = "<group>"; };
		5063E77A24072C0400B45C6D /* HorizontalStackView.swift */ = {isa = PBXFileReference; fileEncoding = 4; lastKnownFileType = sourcecode.swift; path = HorizontalStackView.swift; sourceTree = "<group>"; };
		5063E77D24072C8600B45C6D /* lottieLoading.json */ = {isa = PBXFileReference; fileEncoding = 4; lastKnownFileType = text.json; path = lottieLoading.json; sourceTree = "<group>"; };
		5063E77E24072C8600B45C6D /* cityList.json */ = {isa = PBXFileReference; fileEncoding = 4; lastKnownFileType = text.json; path = cityList.json; sourceTree = "<group>"; };
		5063E77F24072C8600B45C6D /* APIKey.swift */ = {isa = PBXFileReference; fileEncoding = 4; lastKnownFileType = sourcecode.swift; path = APIKey.swift; sourceTree = "<group>"; };
		5063E78324072CB200B45C6D /* Color.xcassets */ = {isa = PBXFileReference; lastKnownFileType = folder.assetcatalog; path = Color.xcassets; sourceTree = "<group>"; };
		50B21EBF23F440E50062A2D5 /* WeatherForecast.app */ = {isa = PBXFileReference; explicitFileType = wrapper.application; includeInIndex = 0; path = WeatherForecast.app; sourceTree = BUILT_PRODUCTS_DIR; };
		50B21EC223F440E50062A2D5 /* AppDelegate.swift */ = {isa = PBXFileReference; lastKnownFileType = sourcecode.swift; path = AppDelegate.swift; sourceTree = "<group>"; };
		50B21ECB23F440E60062A2D5 /* Assets.xcassets */ = {isa = PBXFileReference; lastKnownFileType = folder.assetcatalog; path = Assets.xcassets; sourceTree = "<group>"; };
		50B21ECE23F440E60062A2D5 /* Base */ = {isa = PBXFileReference; lastKnownFileType = file.storyboard; name = Base; path = Base.lproj/LaunchScreen.storyboard; sourceTree = "<group>"; };
		50B21ED023F440E60062A2D5 /* Info.plist */ = {isa = PBXFileReference; lastKnownFileType = text.plist.xml; path = Info.plist; sourceTree = "<group>"; };
		50B21ED523F440E60062A2D5 /* WeatherForecastTests.xctest */ = {isa = PBXFileReference; explicitFileType = wrapper.cfbundle; includeInIndex = 0; path = WeatherForecastTests.xctest; sourceTree = BUILT_PRODUCTS_DIR; };
		50B21ED923F440E60062A2D5 /* WeatherForecastTests.swift */ = {isa = PBXFileReference; lastKnownFileType = sourcecode.swift; path = WeatherForecastTests.swift; sourceTree = "<group>"; };
		50B21EDB23F440E60062A2D5 /* Info.plist */ = {isa = PBXFileReference; lastKnownFileType = text.plist.xml; path = Info.plist; sourceTree = "<group>"; };
		50B21EE023F440E60062A2D5 /* WeatherForecastUITests.xctest */ = {isa = PBXFileReference; explicitFileType = wrapper.cfbundle; includeInIndex = 0; path = WeatherForecastUITests.xctest; sourceTree = BUILT_PRODUCTS_DIR; };
		50B21EE423F440E60062A2D5 /* WeatherForecastUITests.swift */ = {isa = PBXFileReference; lastKnownFileType = sourcecode.swift; path = WeatherForecastUITests.swift; sourceTree = "<group>"; };
		50B21EE623F440E60062A2D5 /* Info.plist */ = {isa = PBXFileReference; lastKnownFileType = text.plist.xml; path = Info.plist; sourceTree = "<group>"; };
		5D07CCE8813D0EAFC3607985 /* Pods-WeatherForecastTests.debug.xcconfig */ = {isa = PBXFileReference; includeInIndex = 1; lastKnownFileType = text.xcconfig; name = "Pods-WeatherForecastTests.debug.xcconfig"; path = "Target Support Files/Pods-WeatherForecastTests/Pods-WeatherForecastTests.debug.xcconfig"; sourceTree = "<group>"; };
		6E1BEB61955EF05A0F5A71CE /* Pods-WeatherForecast-WeatherForecastUITests.debug.xcconfig */ = {isa = PBXFileReference; includeInIndex = 1; lastKnownFileType = text.xcconfig; name = "Pods-WeatherForecast-WeatherForecastUITests.debug.xcconfig"; path = "Target Support Files/Pods-WeatherForecast-WeatherForecastUITests/Pods-WeatherForecast-WeatherForecastUITests.debug.xcconfig"; sourceTree = "<group>"; };
		8D779A27397046B336D297E9 /* Pods-WeatherForecast.debug.xcconfig */ = {isa = PBXFileReference; includeInIndex = 1; lastKnownFileType = text.xcconfig; name = "Pods-WeatherForecast.debug.xcconfig"; path = "Target Support Files/Pods-WeatherForecast/Pods-WeatherForecast.debug.xcconfig"; sourceTree = "<group>"; };
		974BE584A6E4284DD585587F /* Pods_WeatherForecast_WeatherForecastUITests.framework */ = {isa = PBXFileReference; explicitFileType = wrapper.framework; includeInIndex = 0; path = Pods_WeatherForecast_WeatherForecastUITests.framework; sourceTree = BUILT_PRODUCTS_DIR; };
		CE7313B1F0A0BDD3FEF0B6F0 /* Pods_WeatherForecastTests.framework */ = {isa = PBXFileReference; explicitFileType = wrapper.framework; includeInIndex = 0; path = Pods_WeatherForecastTests.framework; sourceTree = BUILT_PRODUCTS_DIR; };
/* End PBXFileReference section */

/* Begin PBXFrameworksBuildPhase section */
		50B21EBC23F440E50062A2D5 /* Frameworks */ = {
			isa = PBXFrameworksBuildPhase;
			buildActionMask = 2147483647;
			files = (
				9587135376775870C675C70A /* Pods_WeatherForecast.framework in Frameworks */,
			);
			runOnlyForDeploymentPostprocessing = 0;
		};
		50B21ED223F440E60062A2D5 /* Frameworks */ = {
			isa = PBXFrameworksBuildPhase;
			buildActionMask = 2147483647;
			files = (
				1DD177C65EE63B99FE17AE8A /* Pods_WeatherForecastTests.framework in Frameworks */,
			);
			runOnlyForDeploymentPostprocessing = 0;
		};
		50B21EDD23F440E60062A2D5 /* Frameworks */ = {
			isa = PBXFrameworksBuildPhase;
			buildActionMask = 2147483647;
			files = (
				22C66590BA3CD9B303773ECB /* Pods_WeatherForecast_WeatherForecastUITests.framework in Frameworks */,
			);
			runOnlyForDeploymentPostprocessing = 0;
		};
/* End PBXFrameworksBuildPhase section */

/* Begin PBXGroup section */
		5063E7182407282300B45C6D /* Main */ = {
			isa = PBXGroup;
			children = (
				5063E71A2407283D00B45C6D /* ViewModel */,
				5063E7192407283400B45C6D /* Component */,
			);
			path = Main;
			sourceTree = "<group>";
		};
		5063E7192407283400B45C6D /* Component */ = {
			isa = PBXGroup;
			children = (
				5063E71B2407285300B45C6D /* HomeViewController.swift */,
			);
			path = Component;
			sourceTree = "<group>";
		};
		5063E71A2407283D00B45C6D /* ViewModel */ = {
			isa = PBXGroup;
			children = (
				5063E71D2407285E00B45C6D /* HomeListViewModel.swift */,
			);
			path = ViewModel;
			sourceTree = "<group>";
		};
		5063E71F2407289B00B45C6D /* CurrentWeather */ = {
			isa = PBXGroup;
			children = (
				5063E720240728BB00B45C6D /* CurrentWeatherView.swift */,
			);
			path = CurrentWeather;
			sourceTree = "<group>";
		};
		5063E722240728DB00B45C6D /* HourlyWeather */ = {
			isa = PBXGroup;
			children = (
				5063E724240728F300B45C6D /* ViewModel */,
				5063E723240728EB00B45C6D /* Component */,
			);
			path = HourlyWeather;
			sourceTree = "<group>";
		};
		5063E723240728EB00B45C6D /* Component */ = {
			isa = PBXGroup;
			children = (
				5063E7262407290800B45C6D /* HourlyWeatherView.swift */,
				5063E7252407290800B45C6D /* HourlyWeatherCell.swift */,
			);
			path = Component;
			sourceTree = "<group>";
		};
		5063E724240728F300B45C6D /* ViewModel */ = {
			isa = PBXGroup;
			children = (
				5063E7292407291B00B45C6D /* HourlyViewModel.swift */,
			);
			path = ViewModel;
			sourceTree = "<group>";
		};
		5063E72B2407292F00B45C6D /* DailyWeather */ = {
			isa = PBXGroup;
			children = (
				5063E72D2407294500B45C6D /* ViewModel */,
				5063E72C2407293D00B45C6D /* Component */,
			);
			path = DailyWeather;
			sourceTree = "<group>";
		};
		5063E72C2407293D00B45C6D /* Component */ = {
			isa = PBXGroup;
			children = (
				5063E72E2407295900B45C6D /* DailyWeatherCell.swift */,
				5063E72F2407295900B45C6D /* DailyWeatherDetailView.swift */,
				5063E7302407295900B45C6D /* DailyWeatherView.swift */,
			);
			path = Component;
			sourceTree = "<group>";
		};
		5063E72D2407294500B45C6D /* ViewModel */ = {
			isa = PBXGroup;
			children = (
				5063E7342407296300B45C6D /* DailyViewModel.swift */,
			);
			path = ViewModel;
			sourceTree = "<group>";
		};
		5063E7362407297400B45C6D /* TodayDetail */ = {
			isa = PBXGroup;
			children = (
				5063E737240729AE00B45C6D /* TodayDetailView.swift */,
			);
			path = TodayDetail;
			sourceTree = "<group>";
		};
		5063E739240729D100B45C6D /* SearchCity */ = {
			isa = PBXGroup;
			children = (
				5063E73A240729EC00B45C6D /* CitySearchViewController.swift */,
				5063E73B240729EC00B45C6D /* SearchCityCell.swift */,
			);
			path = SearchCity;
			sourceTree = "<group>";
		};
		5063E73E240729F700B45C6D /* FavoriteList */ = {
			isa = PBXGroup;
			children = (
				5063E74024072A0C00B45C6D /* ViewModel */,
				5063E73F24072A0400B45C6D /* Component */,
			);
			path = FavoriteList;
			sourceTree = "<group>";
		};
		5063E73F24072A0400B45C6D /* Component */ = {
			isa = PBXGroup;
			children = (
				5063E74224072A1F00B45C6D /* FavoriteCityWeatherCell.swift */,
				5063E74124072A1F00B45C6D /* FavoriteListViewController.swift */,
			);
			path = Component;
			sourceTree = "<group>";
		};
		5063E74024072A0C00B45C6D /* ViewModel */ = {
			isa = PBXGroup;
			children = (
				5063E74524072A2800B45C6D /* FavoriteViewModel.swift */,
			);
			path = ViewModel;
			sourceTree = "<group>";
		};
		5063E75924072B2200B45C6D /* CashManager */ = {
			isa = PBXGroup;
			children = (
				5063E75A24072B3F00B45C6D /* CacheManager.swift */,
			);
			path = CashManager;
			sourceTree = "<group>";
		};
		5063E75C24072B5500B45C6D /* Foundation */ = {
			isa = PBXGroup;
			children = (
				5063E75F24072B6700B45C6D /* Button.swift */,
				5063E76024072B6700B45C6D /* Image.swift */,
				5063E75D24072B6600B45C6D /* Label.swift */,
				5063E75E24072B6600B45C6D /* View.swift */,
				5063E77924072C0400B45C6D /* GradientView.swift */,
				5063E77A24072C0400B45C6D /* HorizontalStackView.swift */,
			);
			path = Foundation;
			sourceTree = "<group>";
		};
		5063E76524072B7500B45C6D /* Constants */ = {
			isa = PBXGroup;
			children = (
				5063E76624072B8F00B45C6D /* Constants.swift */,
			);
			path = Constants;
			sourceTree = "<group>";
		};
		5063E76824072BA100B45C6D /* Theme */ = {
			isa = PBXGroup;
			children = (
				5063E76924072BC700B45C6D /* Colors.swift */,
			);
			path = Theme;
			sourceTree = "<group>";
		};
		50B21EB623F440E40062A2D5 = {
			isa = PBXGroup;
			children = (
				50B21EC123F440E50062A2D5 /* WeatherForecast */,
				50B21ED823F440E60062A2D5 /* WeatherForecastTests */,
				50B21EE323F440E60062A2D5 /* WeatherForecastUITests */,
				50B21EC023F440E50062A2D5 /* Products */,
				5EF1B1FE06A7F60ED0F28C87 /* Pods */,
				6BCFB6362F8A682C8011BA3A /* Frameworks */,
			);
			sourceTree = "<group>";
		};
		50B21EC023F440E50062A2D5 /* Products */ = {
			isa = PBXGroup;
			children = (
				50B21EBF23F440E50062A2D5 /* WeatherForecast.app */,
				50B21ED523F440E60062A2D5 /* WeatherForecastTests.xctest */,
				50B21EE023F440E60062A2D5 /* WeatherForecastUITests.xctest */,
			);
			name = Products;
			sourceTree = "<group>";
		};
		50B21EC123F440E50062A2D5 /* WeatherForecast */ = {
			isa = PBXGroup;
			children = (
				50F854FB23F44336005EF7DA /* Application */,
				50F854FC23F4433D005EF7DA /* Scenes */,
				50F854FA23F44328005EF7DA /* Models */,
				50F854F923F44319005EF7DA /* Networking */,
				5063E75924072B2200B45C6D /* CashManager */,
				50F854F523F442E0005EF7DA /* CorePlatform */,
				50F854F023F4426F005EF7DA /* Supporting Files */,
				50F854F123F44297005EF7DA /* Resources */,
			);
			path = WeatherForecast;
			sourceTree = "<group>";
		};
		50B21ED823F440E60062A2D5 /* WeatherForecastTests */ = {
			isa = PBXGroup;
			children = (
				50B21ED923F440E60062A2D5 /* WeatherForecastTests.swift */,
				50B21EDB23F440E60062A2D5 /* Info.plist */,
			);
			path = WeatherForecastTests;
			sourceTree = "<group>";
		};
		50B21EE323F440E60062A2D5 /* WeatherForecastUITests */ = {
			isa = PBXGroup;
			children = (
				50B21EE423F440E60062A2D5 /* WeatherForecastUITests.swift */,
				50B21EE623F440E60062A2D5 /* Info.plist */,
			);
			path = WeatherForecastUITests;
			sourceTree = "<group>";
		};
		50F854F023F4426F005EF7DA /* Supporting Files */ = {
			isa = PBXGroup;
			children = (
				50B21ECD23F440E60062A2D5 /* LaunchScreen.storyboard */,
				50B21ED023F440E60062A2D5 /* Info.plist */,
			);
			path = "Supporting Files";
			sourceTree = "<group>";
		};
		50F854F123F44297005EF7DA /* Resources */ = {
			isa = PBXGroup;
			children = (
				50F854F223F442B8005EF7DA /* Assets */,
				5063E77F24072C8600B45C6D /* APIKey.swift */,
				5063E77E24072C8600B45C6D /* cityList.json */,
				5063E77D24072C8600B45C6D /* lottieLoading.json */,
			);
			path = Resources;
			sourceTree = "<group>";
		};
		50F854F223F442B8005EF7DA /* Assets */ = {
			isa = PBXGroup;
			children = (
				50B21ECB23F440E60062A2D5 /* Assets.xcassets */,
				5063E78324072CB200B45C6D /* Color.xcassets */,
			);
			path = Assets;
			sourceTree = "<group>";
		};
		50F854F523F442E0005EF7DA /* CorePlatform */ = {
			isa = PBXGroup;
			children = (
				5063E75C24072B5500B45C6D /* Foundation */,
				5063E76524072B7500B45C6D /* Constants */,
				5063E76824072BA100B45C6D /* Theme */,
				50F854F823F4430E005EF7DA /* Extensions */,
			);
			path = CorePlatform;
			sourceTree = "<group>";
		};
		50F854F823F4430E005EF7DA /* Extensions */ = {
			isa = PBXGroup;
			children = (
				5063E77024072BD700B45C6D /* Double_Extension.swift */,
				5063E76C24072BD700B45C6D /* Image+Extension.swift */,
				5063E76B24072BD600B45C6D /* UIColor+Extension.swift */,
				5063E76E24072BD700B45C6D /* UINavigationController+Extension.swift */,
				5063E76D24072BD700B45C6D /* UITableView+Extension.swift */,
				5063E77124072BD700B45C6D /* UIView+Extension.swift */,
				5063E76F24072BD700B45C6D /* Weather+Extension.swift */,
			);
			path = Extensions;
			sourceTree = "<group>";
		};
		50F854F923F44319005EF7DA /* Networking */ = {
			isa = PBXGroup;
			children = (
				5063E75324072B0E00B45C6D /* MockURLSession.swift */,
				5063E75424072B0E00B45C6D /* NetworkLayer.swift */,
				5063E75224072B0E00B45C6D /* Router.swift */,
				5063E75124072B0E00B45C6D /* ServiceLayer.swift */,
			);
			path = Networking;
			sourceTree = "<group>";
		};
		50F854FA23F44328005EF7DA /* Models */ = {
			isa = PBXGroup;
			children = (
				5063E74824072AEA00B45C6D /* City.swift */,
				5063E74A24072AEB00B45C6D /* CurrentWeatherModel.swift */,
				5063E74724072AEA00B45C6D /* FavoriteCity.swift */,
				5063E74B24072AEB00B45C6D /* ForecastDailyModel.swift */,
				5063E74924072AEA00B45C6D /* ForecastHourlyModel.swift */,
			);
			path = Models;
			sourceTree = "<group>";
		};
		50F854FB23F44336005EF7DA /* Application */ = {
			isa = PBXGroup;
			children = (
				50B21EC223F440E50062A2D5 /* AppDelegate.swift */,
				5063E7162407272100B45C6D /* SceneDelegate.swift */,
			);
			path = Application;
			sourceTree = "<group>";
		};
		50F854FC23F4433D005EF7DA /* Scenes */ = {
			isa = PBXGroup;
			children = (
				5063E7182407282300B45C6D /* Main */,
				5063E71F2407289B00B45C6D /* CurrentWeather */,
				5063E722240728DB00B45C6D /* HourlyWeather */,
				5063E72B2407292F00B45C6D /* DailyWeather */,
				5063E7362407297400B45C6D /* TodayDetail */,
				5063E739240729D100B45C6D /* SearchCity */,
				5063E73E240729F700B45C6D /* FavoriteList */,
			);
			name = Scenes;
			path = Application/Scenes;
			sourceTree = "<group>";
		};
		5EF1B1FE06A7F60ED0F28C87 /* Pods */ = {
			isa = PBXGroup;
			children = (
				8D779A27397046B336D297E9 /* Pods-WeatherForecast.debug.xcconfig */,
				46E3C75BD35060B609B75899 /* Pods-WeatherForecast.release.xcconfig */,
				6E1BEB61955EF05A0F5A71CE /* Pods-WeatherForecast-WeatherForecastUITests.debug.xcconfig */,
				3AD46F42374F3CB9F2894A3D /* Pods-WeatherForecast-WeatherForecastUITests.release.xcconfig */,
				5D07CCE8813D0EAFC3607985 /* Pods-WeatherForecastTests.debug.xcconfig */,
				03F2F0B23D9F5C740D61A7F7 /* Pods-WeatherForecastTests.release.xcconfig */,
			);
			path = Pods;
			sourceTree = "<group>";
		};
		6BCFB6362F8A682C8011BA3A /* Frameworks */ = {
			isa = PBXGroup;
			children = (
				0CD5C61EE0638152C4B3DAFD /* Pods_WeatherForecast.framework */,
				974BE584A6E4284DD585587F /* Pods_WeatherForecast_WeatherForecastUITests.framework */,
				CE7313B1F0A0BDD3FEF0B6F0 /* Pods_WeatherForecastTests.framework */,
			);
			name = Frameworks;
			sourceTree = "<group>";
		};
/* End PBXGroup section */

/* Begin PBXNativeTarget section */
		50B21EBE23F440E50062A2D5 /* WeatherForecast */ = {
			isa = PBXNativeTarget;
			buildConfigurationList = 50B21EE923F440E60062A2D5 /* Build configuration list for PBXNativeTarget "WeatherForecast" */;
			buildPhases = (
				DD59F96A2EFF83D8A7F10644 /* [CP] Check Pods Manifest.lock */,
				50B21EBB23F440E50062A2D5 /* Sources */,
				50B21EBC23F440E50062A2D5 /* Frameworks */,
				50B21EBD23F440E50062A2D5 /* Resources */,
				28704ECDFD9F8F05437F9737 /* [CP] Embed Pods Frameworks */,
			);
			buildRules = (
			);
			dependencies = (
			);
			name = WeatherForecast;
			productName = WeatherForecast;
			productReference = 50B21EBF23F440E50062A2D5 /* WeatherForecast.app */;
			productType = "com.apple.product-type.application";
		};
		50B21ED423F440E60062A2D5 /* WeatherForecastTests */ = {
			isa = PBXNativeTarget;
			buildConfigurationList = 50B21EEC23F440E60062A2D5 /* Build configuration list for PBXNativeTarget "WeatherForecastTests" */;
			buildPhases = (
				69120C6750CBD12BED758072 /* [CP] Check Pods Manifest.lock */,
				50B21ED123F440E60062A2D5 /* Sources */,
				50B21ED223F440E60062A2D5 /* Frameworks */,
				50B21ED323F440E60062A2D5 /* Resources */,
			);
			buildRules = (
			);
			dependencies = (
				50B21ED723F440E60062A2D5 /* PBXTargetDependency */,
			);
			name = WeatherForecastTests;
			productName = WeatherForecastTests;
			productReference = 50B21ED523F440E60062A2D5 /* WeatherForecastTests.xctest */;
			productType = "com.apple.product-type.bundle.unit-test";
		};
		50B21EDF23F440E60062A2D5 /* WeatherForecastUITests */ = {
			isa = PBXNativeTarget;
			buildConfigurationList = 50B21EEF23F440E60062A2D5 /* Build configuration list for PBXNativeTarget "WeatherForecastUITests" */;
			buildPhases = (
				A22FC00325F86B4910D029CE /* [CP] Check Pods Manifest.lock */,
				50B21EDC23F440E60062A2D5 /* Sources */,
				50B21EDD23F440E60062A2D5 /* Frameworks */,
				50B21EDE23F440E60062A2D5 /* Resources */,
				2EE7F05D3694C598E366FAE8 /* [CP] Embed Pods Frameworks */,
			);
			buildRules = (
			);
			dependencies = (
				50B21EE223F440E60062A2D5 /* PBXTargetDependency */,
			);
			name = WeatherForecastUITests;
			productName = WeatherForecastUITests;
			productReference = 50B21EE023F440E60062A2D5 /* WeatherForecastUITests.xctest */;
			productType = "com.apple.product-type.bundle.ui-testing";
		};
/* End PBXNativeTarget section */

/* Begin PBXProject section */
		50B21EB723F440E40062A2D5 /* Project object */ = {
			isa = PBXProject;
			attributes = {
				LastSwiftUpdateCheck = 1130;
				LastUpgradeCheck = 1130;
				ORGANIZATIONNAME = "Moein Barzegaran";
				TargetAttributes = {
					50B21EBE23F440E50062A2D5 = {
						CreatedOnToolsVersion = 11.3;
					};
					50B21ED423F440E60062A2D5 = {
						CreatedOnToolsVersion = 11.3;
						TestTargetID = 50B21EBE23F440E50062A2D5;
					};
					50B21EDF23F440E60062A2D5 = {
						CreatedOnToolsVersion = 11.3;
						TestTargetID = 50B21EBE23F440E50062A2D5;
					};
				};
			};
			buildConfigurationList = 50B21EBA23F440E40062A2D5 /* Build configuration list for PBXProject "WeatherForecast" */;
			compatibilityVersion = "Xcode 9.3";
			developmentRegion = en;
			hasScannedForEncodings = 0;
			knownRegions = (
				en,
				Base,
			);
			mainGroup = 50B21EB623F440E40062A2D5;
			productRefGroup = 50B21EC023F440E50062A2D5 /* Products */;
			projectDirPath = "";
			projectRoot = "";
			targets = (
				50B21EBE23F440E50062A2D5 /* WeatherForecast */,
				50B21ED423F440E60062A2D5 /* WeatherForecastTests */,
				50B21EDF23F440E60062A2D5 /* WeatherForecastUITests */,
			);
		};
/* End PBXProject section */

/* Begin PBXResourcesBuildPhase section */
		50B21EBD23F440E50062A2D5 /* Resources */ = {
			isa = PBXResourcesBuildPhase;
			buildActionMask = 2147483647;
			files = (
				50B21ECF23F440E60062A2D5 /* LaunchScreen.storyboard in Resources */,
				5063E78124072C8600B45C6D /* cityList.json in Resources */,
				5063E78024072C8600B45C6D /* lottieLoading.json in Resources */,
				50B21ECC23F440E60062A2D5 /* Assets.xcassets in Resources */,
				5063E78424072CB200B45C6D /* Color.xcassets in Resources */,
			);
			runOnlyForDeploymentPostprocessing = 0;
		};
		50B21ED323F440E60062A2D5 /* Resources */ = {
			isa = PBXResourcesBuildPhase;
			buildActionMask = 2147483647;
			files = (
			);
			runOnlyForDeploymentPostprocessing = 0;
		};
		50B21EDE23F440E60062A2D5 /* Resources */ = {
			isa = PBXResourcesBuildPhase;
			buildActionMask = 2147483647;
			files = (
			);
			runOnlyForDeploymentPostprocessing = 0;
		};
/* End PBXResourcesBuildPhase section */

/* Begin PBXShellScriptBuildPhase section */
		28704ECDFD9F8F05437F9737 /* [CP] Embed Pods Frameworks */ = {
			isa = PBXShellScriptBuildPhase;
			buildActionMask = 2147483647;
			files = (
			);
			inputFileListPaths = (
				"${PODS_ROOT}/Target Support Files/Pods-WeatherForecast/Pods-WeatherForecast-frameworks-${CONFIGURATION}-input-files.xcfilelist",
			);
			name = "[CP] Embed Pods Frameworks";
			outputFileListPaths = (
				"${PODS_ROOT}/Target Support Files/Pods-WeatherForecast/Pods-WeatherForecast-frameworks-${CONFIGURATION}-output-files.xcfilelist",
			);
			runOnlyForDeploymentPostprocessing = 0;
			shellPath = /bin/sh;
			shellScript = "\"${PODS_ROOT}/Target Support Files/Pods-WeatherForecast/Pods-WeatherForecast-frameworks.sh\"\n";
			showEnvVarsInLog = 0;
		};
		2EE7F05D3694C598E366FAE8 /* [CP] Embed Pods Frameworks */ = {
			isa = PBXShellScriptBuildPhase;
			buildActionMask = 2147483647;
			files = (
			);
			inputFileListPaths = (
				"${PODS_ROOT}/Target Support Files/Pods-WeatherForecast-WeatherForecastUITests/Pods-WeatherForecast-WeatherForecastUITests-frameworks-${CONFIGURATION}-input-files.xcfilelist",
			);
			name = "[CP] Embed Pods Frameworks";
			outputFileListPaths = (
				"${PODS_ROOT}/Target Support Files/Pods-WeatherForecast-WeatherForecastUITests/Pods-WeatherForecast-WeatherForecastUITests-frameworks-${CONFIGURATION}-output-files.xcfilelist",
			);
			runOnlyForDeploymentPostprocessing = 0;
			shellPath = /bin/sh;
			shellScript = "\"${PODS_ROOT}/Target Support Files/Pods-WeatherForecast-WeatherForecastUITests/Pods-WeatherForecast-WeatherForecastUITests-frameworks.sh\"\n";
			showEnvVarsInLog = 0;
		};
		69120C6750CBD12BED758072 /* [CP] Check Pods Manifest.lock */ = {
			isa = PBXShellScriptBuildPhase;
			buildActionMask = 2147483647;
			files = (
			);
			inputFileListPaths = (
			);
			inputPaths = (
				"${PODS_PODFILE_DIR_PATH}/Podfile.lock",
				"${PODS_ROOT}/Manifest.lock",
			);
			name = "[CP] Check Pods Manifest.lock";
			outputFileListPaths = (
			);
			outputPaths = (
				"$(DERIVED_FILE_DIR)/Pods-WeatherForecastTests-checkManifestLockResult.txt",
			);
			runOnlyForDeploymentPostprocessing = 0;
			shellPath = /bin/sh;
			shellScript = "diff \"${PODS_PODFILE_DIR_PATH}/Podfile.lock\" \"${PODS_ROOT}/Manifest.lock\" > /dev/null\nif [ $? != 0 ] ; then\n    # print error to STDERR\n    echo \"error: The sandbox is not in sync with the Podfile.lock. Run 'pod install' or update your CocoaPods installation.\" >&2\n    exit 1\nfi\n# This output is used by Xcode 'outputs' to avoid re-running this script phase.\necho \"SUCCESS\" > \"${SCRIPT_OUTPUT_FILE_0}\"\n";
			showEnvVarsInLog = 0;
		};
		A22FC00325F86B4910D029CE /* [CP] Check Pods Manifest.lock */ = {
			isa = PBXShellScriptBuildPhase;
			buildActionMask = 2147483647;
			files = (
			);
			inputFileListPaths = (
			);
			inputPaths = (
				"${PODS_PODFILE_DIR_PATH}/Podfile.lock",
				"${PODS_ROOT}/Manifest.lock",
			);
			name = "[CP] Check Pods Manifest.lock";
			outputFileListPaths = (
			);
			outputPaths = (
				"$(DERIVED_FILE_DIR)/Pods-WeatherForecast-WeatherForecastUITests-checkManifestLockResult.txt",
			);
			runOnlyForDeploymentPostprocessing = 0;
			shellPath = /bin/sh;
			shellScript = "diff \"${PODS_PODFILE_DIR_PATH}/Podfile.lock\" \"${PODS_ROOT}/Manifest.lock\" > /dev/null\nif [ $? != 0 ] ; then\n    # print error to STDERR\n    echo \"error: The sandbox is not in sync with the Podfile.lock. Run 'pod install' or update your CocoaPods installation.\" >&2\n    exit 1\nfi\n# This output is used by Xcode 'outputs' to avoid re-running this script phase.\necho \"SUCCESS\" > \"${SCRIPT_OUTPUT_FILE_0}\"\n";
			showEnvVarsInLog = 0;
		};
		DD59F96A2EFF83D8A7F10644 /* [CP] Check Pods Manifest.lock */ = {
			isa = PBXShellScriptBuildPhase;
			buildActionMask = 2147483647;
			files = (
			);
			inputFileListPaths = (
			);
			inputPaths = (
				"${PODS_PODFILE_DIR_PATH}/Podfile.lock",
				"${PODS_ROOT}/Manifest.lock",
			);
			name = "[CP] Check Pods Manifest.lock";
			outputFileListPaths = (
			);
			outputPaths = (
				"$(DERIVED_FILE_DIR)/Pods-WeatherForecast-checkManifestLockResult.txt",
			);
			runOnlyForDeploymentPostprocessing = 0;
			shellPath = /bin/sh;
			shellScript = "diff \"${PODS_PODFILE_DIR_PATH}/Podfile.lock\" \"${PODS_ROOT}/Manifest.lock\" > /dev/null\nif [ $? != 0 ] ; then\n    # print error to STDERR\n    echo \"error: The sandbox is not in sync with the Podfile.lock. Run 'pod install' or update your CocoaPods installation.\" >&2\n    exit 1\nfi\n# This output is used by Xcode 'outputs' to avoid re-running this script phase.\necho \"SUCCESS\" > \"${SCRIPT_OUTPUT_FILE_0}\"\n";
			showEnvVarsInLog = 0;
		};
/* End PBXShellScriptBuildPhase section */

/* Begin PBXSourcesBuildPhase section */
		50B21EBB23F440E50062A2D5 /* Sources */ = {
			isa = PBXSourcesBuildPhase;
			buildActionMask = 2147483647;
			files = (
				5063E75024072AEB00B45C6D /* ForecastDailyModel.swift in Sources */,
				5063E74624072A2800B45C6D /* FavoriteViewModel.swift in Sources */,
				5063E76224072B6700B45C6D /* View.swift in Sources */,
				5063E76A24072BC700B45C6D /* Colors.swift in Sources */,
				5063E75624072B0E00B45C6D /* Router.swift in Sources */,
				5063E7332407295900B45C6D /* DailyWeatherView.swift in Sources */,
				5063E78224072C8600B45C6D /* APIKey.swift in Sources */,
				5063E76324072B6700B45C6D /* Button.swift in Sources */,
				5063E74F24072AEB00B45C6D /* CurrentWeatherModel.swift in Sources */,
				5063E73D240729EC00B45C6D /* SearchCityCell.swift in Sources */,
				5063E71E2407285E00B45C6D /* HomeListViewModel.swift in Sources */,
				5063E76424072B6700B45C6D /* Image.swift in Sources */,
				5063E77324072BD700B45C6D /* Image+Extension.swift in Sources */,
				5063E77824072BD700B45C6D /* UIView+Extension.swift in Sources */,
				5063E7352407296400B45C6D /* DailyViewModel.swift in Sources */,
				5063E7272407290800B45C6D /* HourlyWeatherCell.swift in Sources */,
				5063E77424072BD700B45C6D /* UITableView+Extension.swift in Sources */,
				5063E75824072B0E00B45C6D /* NetworkLayer.swift in Sources */,
				5063E77224072BD700B45C6D /* UIColor+Extension.swift in Sources */,
				5063E74D24072AEB00B45C6D /* City.swift in Sources */,
				5063E7322407295900B45C6D /* DailyWeatherDetailView.swift in Sources */,
				5063E74424072A1F00B45C6D /* FavoriteCityWeatherCell.swift in Sources */,
				5063E75724072B0E00B45C6D /* MockURLSession.swift in Sources */,
				5063E77524072BD700B45C6D /* UINavigationController+Extension.swift in Sources */,
				5063E73C240729EC00B45C6D /* CitySearchViewController.swift in Sources */,
				5063E76124072B6700B45C6D /* Label.swift in Sources */,
				5063E77724072BD700B45C6D /* Double_Extension.swift in Sources */,
				50B21EC323F440E50062A2D5 /* AppDelegate.swift in Sources */,
				5063E7312407295900B45C6D /* DailyWeatherCell.swift in Sources */,
				5063E7172407272100B45C6D /* SceneDelegate.swift in Sources */,
				5063E74E24072AEB00B45C6D /* ForecastHourlyModel.swift in Sources */,
				5063E76724072B8F00B45C6D /* Constants.swift in Sources */,
				5063E721240728BB00B45C6D /* CurrentWeatherView.swift in Sources */,
				5063E77B24072C0400B45C6D /* GradientView.swift in Sources */,
				5063E75B24072B3F00B45C6D /* CacheManager.swift in Sources */,
				5063E77C24072C0400B45C6D /* HorizontalStackView.swift in Sources */,
				5063E74C24072AEB00B45C6D /* FavoriteCity.swift in Sources */,
				5063E738240729AE00B45C6D /* TodayDetailView.swift in Sources */,
				5063E75524072B0E00B45C6D /* ServiceLayer.swift in Sources */,
				5063E77624072BD700B45C6D /* Weather+Extension.swift in Sources */,
				5063E74324072A1F00B45C6D /* FavoriteListViewController.swift in Sources */,
				5063E71C2407285300B45C6D /* HomeViewController.swift in Sources */,
				5063E7282407290800B45C6D /* HourlyWeatherView.swift in Sources */,
				5063E72A2407291B00B45C6D /* HourlyViewModel.swift in Sources */,
			);
			runOnlyForDeploymentPostprocessing = 0;
		};
		50B21ED123F440E60062A2D5 /* Sources */ = {
			isa = PBXSourcesBuildPhase;
			buildActionMask = 2147483647;
			files = (
				50B21EDA23F440E60062A2D5 /* WeatherForecastTests.swift in Sources */,
			);
			runOnlyForDeploymentPostprocessing = 0;
		};
		50B21EDC23F440E60062A2D5 /* Sources */ = {
			isa = PBXSourcesBuildPhase;
			buildActionMask = 2147483647;
			files = (
				50B21EE523F440E60062A2D5 /* WeatherForecastUITests.swift in Sources */,
			);
			runOnlyForDeploymentPostprocessing = 0;
		};
/* End PBXSourcesBuildPhase section */

/* Begin PBXTargetDependency section */
		50B21ED723F440E60062A2D5 /* PBXTargetDependency */ = {
			isa = PBXTargetDependency;
			target = 50B21EBE23F440E50062A2D5 /* WeatherForecast */;
			targetProxy = 50B21ED623F440E60062A2D5 /* PBXContainerItemProxy */;
		};
		50B21EE223F440E60062A2D5 /* PBXTargetDependency */ = {
			isa = PBXTargetDependency;
			target = 50B21EBE23F440E50062A2D5 /* WeatherForecast */;
			targetProxy = 50B21EE123F440E60062A2D5 /* PBXContainerItemProxy */;
		};
/* End PBXTargetDependency section */

/* Begin PBXVariantGroup section */
		50B21ECD23F440E60062A2D5 /* LaunchScreen.storyboard */ = {
			isa = PBXVariantGroup;
			children = (
				50B21ECE23F440E60062A2D5 /* Base */,
			);
			name = LaunchScreen.storyboard;
			sourceTree = "<group>";
		};
/* End PBXVariantGroup section */

/* Begin XCBuildConfiguration section */
		50B21EE723F440E60062A2D5 /* Debug */ = {
			isa = XCBuildConfiguration;
			buildSettings = {
				ALWAYS_SEARCH_USER_PATHS = NO;
				CLANG_ANALYZER_NONNULL = YES;
				CLANG_ANALYZER_NUMBER_OBJECT_CONVERSION = YES_AGGRESSIVE;
				CLANG_CXX_LANGUAGE_STANDARD = "gnu++14";
				CLANG_CXX_LIBRARY = "libc++";
				CLANG_ENABLE_MODULES = YES;
				CLANG_ENABLE_OBJC_ARC = YES;
				CLANG_ENABLE_OBJC_WEAK = YES;
				CLANG_WARN_BLOCK_CAPTURE_AUTORELEASING = YES;
				CLANG_WARN_BOOL_CONVERSION = YES;
				CLANG_WARN_COMMA = YES;
				CLANG_WARN_CONSTANT_CONVERSION = YES;
				CLANG_WARN_DEPRECATED_OBJC_IMPLEMENTATIONS = YES;
				CLANG_WARN_DIRECT_OBJC_ISA_USAGE = YES_ERROR;
				CLANG_WARN_DOCUMENTATION_COMMENTS = YES;
				CLANG_WARN_EMPTY_BODY = YES;
				CLANG_WARN_ENUM_CONVERSION = YES;
				CLANG_WARN_INFINITE_RECURSION = YES;
				CLANG_WARN_INT_CONVERSION = YES;
				CLANG_WARN_NON_LITERAL_NULL_CONVERSION = YES;
				CLANG_WARN_OBJC_IMPLICIT_RETAIN_SELF = YES;
				CLANG_WARN_OBJC_LITERAL_CONVERSION = YES;
				CLANG_WARN_OBJC_ROOT_CLASS = YES_ERROR;
				CLANG_WARN_RANGE_LOOP_ANALYSIS = YES;
				CLANG_WARN_STRICT_PROTOTYPES = YES;
				CLANG_WARN_SUSPICIOUS_MOVE = YES;
				CLANG_WARN_UNGUARDED_AVAILABILITY = YES_AGGRESSIVE;
				CLANG_WARN_UNREACHABLE_CODE = YES;
				CLANG_WARN__DUPLICATE_METHOD_MATCH = YES;
				COPY_PHASE_STRIP = NO;
				DEBUG_INFORMATION_FORMAT = dwarf;
				ENABLE_STRICT_OBJC_MSGSEND = YES;
				ENABLE_TESTABILITY = YES;
				GCC_C_LANGUAGE_STANDARD = gnu11;
				GCC_DYNAMIC_NO_PIC = NO;
				GCC_NO_COMMON_BLOCKS = YES;
				GCC_OPTIMIZATION_LEVEL = 0;
				GCC_PREPROCESSOR_DEFINITIONS = (
					"DEBUG=1",
					"$(inherited)",
				);
				GCC_WARN_64_TO_32_BIT_CONVERSION = YES;
				GCC_WARN_ABOUT_RETURN_TYPE = YES_ERROR;
				GCC_WARN_UNDECLARED_SELECTOR = YES;
				GCC_WARN_UNINITIALIZED_AUTOS = YES_AGGRESSIVE;
				GCC_WARN_UNUSED_FUNCTION = YES;
				GCC_WARN_UNUSED_VARIABLE = YES;
				IPHONEOS_DEPLOYMENT_TARGET = 13.2;
				MTL_ENABLE_DEBUG_INFO = INCLUDE_SOURCE;
				MTL_FAST_MATH = YES;
				ONLY_ACTIVE_ARCH = YES;
				SDKROOT = iphoneos;
				SWIFT_ACTIVE_COMPILATION_CONDITIONS = DEBUG;
				SWIFT_OPTIMIZATION_LEVEL = "-Onone";
			};
			name = Debug;
		};
		50B21EE823F440E60062A2D5 /* Release */ = {
			isa = XCBuildConfiguration;
			buildSettings = {
				ALWAYS_SEARCH_USER_PATHS = NO;
				CLANG_ANALYZER_NONNULL = YES;
				CLANG_ANALYZER_NUMBER_OBJECT_CONVERSION = YES_AGGRESSIVE;
				CLANG_CXX_LANGUAGE_STANDARD = "gnu++14";
				CLANG_CXX_LIBRARY = "libc++";
				CLANG_ENABLE_MODULES = YES;
				CLANG_ENABLE_OBJC_ARC = YES;
				CLANG_ENABLE_OBJC_WEAK = YES;
				CLANG_WARN_BLOCK_CAPTURE_AUTORELEASING = YES;
				CLANG_WARN_BOOL_CONVERSION = YES;
				CLANG_WARN_COMMA = YES;
				CLANG_WARN_CONSTANT_CONVERSION = YES;
				CLANG_WARN_DEPRECATED_OBJC_IMPLEMENTATIONS = YES;
				CLANG_WARN_DIRECT_OBJC_ISA_USAGE = YES_ERROR;
				CLANG_WARN_DOCUMENTATION_COMMENTS = YES;
				CLANG_WARN_EMPTY_BODY = YES;
				CLANG_WARN_ENUM_CONVERSION = YES;
				CLANG_WARN_INFINITE_RECURSION = YES;
				CLANG_WARN_INT_CONVERSION = YES;
				CLANG_WARN_NON_LITERAL_NULL_CONVERSION = YES;
				CLANG_WARN_OBJC_IMPLICIT_RETAIN_SELF = YES;
				CLANG_WARN_OBJC_LITERAL_CONVERSION = YES;
				CLANG_WARN_OBJC_ROOT_CLASS = YES_ERROR;
				CLANG_WARN_RANGE_LOOP_ANALYSIS = YES;
				CLANG_WARN_STRICT_PROTOTYPES = YES;
				CLANG_WARN_SUSPICIOUS_MOVE = YES;
				CLANG_WARN_UNGUARDED_AVAILABILITY = YES_AGGRESSIVE;
				CLANG_WARN_UNREACHABLE_CODE = YES;
				CLANG_WARN__DUPLICATE_METHOD_MATCH = YES;
				COPY_PHASE_STRIP = NO;
				DEBUG_INFORMATION_FORMAT = "dwarf-with-dsym";
				ENABLE_NS_ASSERTIONS = NO;
				ENABLE_STRICT_OBJC_MSGSEND = YES;
				GCC_C_LANGUAGE_STANDARD = gnu11;
				GCC_NO_COMMON_BLOCKS = YES;
				GCC_WARN_64_TO_32_BIT_CONVERSION = YES;
				GCC_WARN_ABOUT_RETURN_TYPE = YES_ERROR;
				GCC_WARN_UNDECLARED_SELECTOR = YES;
				GCC_WARN_UNINITIALIZED_AUTOS = YES_AGGRESSIVE;
				GCC_WARN_UNUSED_FUNCTION = YES;
				GCC_WARN_UNUSED_VARIABLE = YES;
				IPHONEOS_DEPLOYMENT_TARGET = 13.2;
				MTL_ENABLE_DEBUG_INFO = NO;
				MTL_FAST_MATH = YES;
				SDKROOT = iphoneos;
				SWIFT_COMPILATION_MODE = wholemodule;
				SWIFT_OPTIMIZATION_LEVEL = "-O";
				VALIDATE_PRODUCT = YES;
			};
			name = Release;
		};
		50B21EEA23F440E60062A2D5 /* Debug */ = {
			isa = XCBuildConfiguration;
			baseConfigurationReference = 8D779A27397046B336D297E9 /* Pods-WeatherForecast.debug.xcconfig */;
			buildSettings = {
				ASSETCATALOG_COMPILER_APPICON_NAME = AppIcon;
				CODE_SIGN_STYLE = Automatic;
				DEVELOPMENT_TEAM = A8B799U9T8;
				INFOPLIST_FILE = "WeatherForecast/Supporting Files/Info.plist";
				LD_RUNPATH_SEARCH_PATHS = (
					"$(inherited)",
					"@executable_path/Frameworks",
				);
				PRODUCT_BUNDLE_IDENTIFIER = com.daresay.WeatherForecast;
				PRODUCT_NAME = "$(TARGET_NAME)";
				SWIFT_VERSION = 5.0;
				TARGETED_DEVICE_FAMILY = "1,2";
			};
			name = Debug;
		};
		50B21EEB23F440E60062A2D5 /* Release */ = {
			isa = XCBuildConfiguration;
			baseConfigurationReference = 46E3C75BD35060B609B75899 /* Pods-WeatherForecast.release.xcconfig */;
			buildSettings = {
				ASSETCATALOG_COMPILER_APPICON_NAME = AppIcon;
				CODE_SIGN_STYLE = Automatic;
				DEVELOPMENT_TEAM = A8B799U9T8;
				INFOPLIST_FILE = "WeatherForecast/Supporting Files/Info.plist";
				LD_RUNPATH_SEARCH_PATHS = (
					"$(inherited)",
					"@executable_path/Frameworks",
				);
				PRODUCT_BUNDLE_IDENTIFIER = com.daresay.WeatherForecast;
				PRODUCT_NAME = "$(TARGET_NAME)";
				SWIFT_VERSION = 5.0;
				TARGETED_DEVICE_FAMILY = "1,2";
			};
			name = Release;
		};
		50B21EED23F440E60062A2D5 /* Debug */ = {
			isa = XCBuildConfiguration;
			baseConfigurationReference = 5D07CCE8813D0EAFC3607985 /* Pods-WeatherForecastTests.debug.xcconfig */;
			buildSettings = {
				ALWAYS_EMBED_SWIFT_STANDARD_LIBRARIES = YES;
				BUNDLE_LOADER = "$(TEST_HOST)";
				CODE_SIGN_STYLE = Automatic;
				DEVELOPMENT_TEAM = A8B799U9T8;
				INFOPLIST_FILE = WeatherForecastTests/Info.plist;
				IPHONEOS_DEPLOYMENT_TARGET = 13.2;
				LD_RUNPATH_SEARCH_PATHS = (
					"$(inherited)",
					"@executable_path/Frameworks",
					"@loader_path/Frameworks",
				);
				PRODUCT_BUNDLE_IDENTIFIER = com.daresay.WeatherForecastTests;
				PRODUCT_NAME = "$(TARGET_NAME)";
				SWIFT_VERSION = 5.0;
				TARGETED_DEVICE_FAMILY = "1,2";
				TEST_HOST = "$(BUILT_PRODUCTS_DIR)/WeatherForecast.app/WeatherForecast";
			};
			name = Debug;
		};
		50B21EEE23F440E60062A2D5 /* Release */ = {
			isa = XCBuildConfiguration;
			baseConfigurationReference = 03F2F0B23D9F5C740D61A7F7 /* Pods-WeatherForecastTests.release.xcconfig */;
			buildSettings = {
				ALWAYS_EMBED_SWIFT_STANDARD_LIBRARIES = YES;
				BUNDLE_LOADER = "$(TEST_HOST)";
				CODE_SIGN_STYLE = Automatic;
				DEVELOPMENT_TEAM = A8B799U9T8;
				INFOPLIST_FILE = WeatherForecastTests/Info.plist;
				IPHONEOS_DEPLOYMENT_TARGET = 13.2;
				LD_RUNPATH_SEARCH_PATHS = (
					"$(inherited)",
					"@executable_path/Frameworks",
					"@loader_path/Frameworks",
				);
				PRODUCT_BUNDLE_IDENTIFIER = com.daresay.WeatherForecastTests;
				PRODUCT_NAME = "$(TARGET_NAME)";
				SWIFT_VERSION = 5.0;
				TARGETED_DEVICE_FAMILY = "1,2";
				TEST_HOST = "$(BUILT_PRODUCTS_DIR)/WeatherForecast.app/WeatherForecast";
			};
			name = Release;
		};
		50B21EF023F440E60062A2D5 /* Debug */ = {
			isa = XCBuildConfiguration;
			baseConfigurationReference = 6E1BEB61955EF05A0F5A71CE /* Pods-WeatherForecast-WeatherForecastUITests.debug.xcconfig */;
			buildSettings = {
				ALWAYS_EMBED_SWIFT_STANDARD_LIBRARIES = YES;
				CODE_SIGN_STYLE = Automatic;
				DEVELOPMENT_TEAM = A8B799U9T8;
				INFOPLIST_FILE = WeatherForecastUITests/Info.plist;
				LD_RUNPATH_SEARCH_PATHS = (
					"$(inherited)",
					"@executable_path/Frameworks",
					"@loader_path/Frameworks",
				);
				PRODUCT_BUNDLE_IDENTIFIER = com.daresay.WeatherForecastUITests;
				PRODUCT_NAME = "$(TARGET_NAME)";
				SWIFT_VERSION = 5.0;
				TARGETED_DEVICE_FAMILY = "1,2";
				TEST_TARGET_NAME = WeatherForecast;
			};
			name = Debug;
		};
		50B21EF123F440E60062A2D5 /* Release */ = {
			isa = XCBuildConfiguration;
			baseConfigurationReference = 3AD46F42374F3CB9F2894A3D /* Pods-WeatherForecast-WeatherForecastUITests.release.xcconfig */;
			buildSettings = {
				ALWAYS_EMBED_SWIFT_STANDARD_LIBRARIES = YES;
				CODE_SIGN_STYLE = Automatic;
				DEVELOPMENT_TEAM = A8B799U9T8;
				INFOPLIST_FILE = WeatherForecastUITests/Info.plist;
				LD_RUNPATH_SEARCH_PATHS = (
					"$(inherited)",
					"@executable_path/Frameworks",
					"@loader_path/Frameworks",
				);
				PRODUCT_BUNDLE_IDENTIFIER = com.daresay.WeatherForecastUITests;
				PRODUCT_NAME = "$(TARGET_NAME)";
				SWIFT_VERSION = 5.0;
				TARGETED_DEVICE_FAMILY = "1,2";
				TEST_TARGET_NAME = WeatherForecast;
			};
			name = Release;
		};
/* End XCBuildConfiguration section */

/* Begin XCConfigurationList section */
		50B21EBA23F440E40062A2D5 /* Build configuration list for PBXProject "WeatherForecast" */ = {
			isa = XCConfigurationList;
			buildConfigurations = (
				50B21EE723F440E60062A2D5 /* Debug */,
				50B21EE823F440E60062A2D5 /* Release */,
			);
			defaultConfigurationIsVisible = 0;
			defaultConfigurationName = Release;
		};
		50B21EE923F440E60062A2D5 /* Build configuration list for PBXNativeTarget "WeatherForecast" */ = {
			isa = XCConfigurationList;
			buildConfigurations = (
				50B21EEA23F440E60062A2D5 /* Debug */,
				50B21EEB23F440E60062A2D5 /* Release */,
			);
			defaultConfigurationIsVisible = 0;
			defaultConfigurationName = Release;
		};
		50B21EEC23F440E60062A2D5 /* Build configuration list for PBXNativeTarget "WeatherForecastTests" */ = {
			isa = XCConfigurationList;
			buildConfigurations = (
				50B21EED23F440E60062A2D5 /* Debug */,
				50B21EEE23F440E60062A2D5 /* Release */,
			);
			defaultConfigurationIsVisible = 0;
			defaultConfigurationName = Release;
		};
		50B21EEF23F440E60062A2D5 /* Build configuration list for PBXNativeTarget "WeatherForecastUITests" */ = {
			isa = XCConfigurationList;
			buildConfigurations = (
				50B21EF023F440E60062A2D5 /* Debug */,
				50B21EF123F440E60062A2D5 /* Release */,
			);
			defaultConfigurationIsVisible = 0;
			defaultConfigurationName = Release;
		};
/* End XCConfigurationList section */
	};
	rootObject = 50B21EB723F440E40062A2D5 /* Project object */;
}
